// !$*UTF8*$!
{
	archiveVersion = 1;
	classes = {
	};
	objectVersion = 46;
	objects = {

/* Begin PBXBuildFile section */
		1D2520671A18CCB00056B8A2 /* LoginViewController.m in Sources */ = {isa = PBXBuildFile; fileRef = 1D2520661A18CCB00056B8A2 /* LoginViewController.m */; settings = {COMPILER_FLAGS = "-fobjc-arc"; }; };
		1D25206D1A18CEAC0056B8A2 /* SVProgressHUD.bundle in Resources */ = {isa = PBXBuildFile; fileRef = 1D25206A1A18CEAC0056B8A2 /* SVProgressHUD.bundle */; };
		1D25206E1A18CEAC0056B8A2 /* SVProgressHUD.m in Sources */ = {isa = PBXBuildFile; fileRef = 1D25206C1A18CEAC0056B8A2 /* SVProgressHUD.m */; settings = {COMPILER_FLAGS = "-fobjc-arc"; }; };
		1D2520731A18D3D50056B8A2 /* btn_disable@2x.png in Resources */ = {isa = PBXBuildFile; fileRef = 1D25206F1A18D3D50056B8A2 /* btn_disable@2x.png */; };
		1D2520741A18D3D50056B8A2 /* btn_green_press@2x.png in Resources */ = {isa = PBXBuildFile; fileRef = 1D2520701A18D3D50056B8A2 /* btn_green_press@2x.png */; };
		1D2520751A18D3D50056B8A2 /* btn_green@2x.png in Resources */ = {isa = PBXBuildFile; fileRef = 1D2520711A18D3D50056B8A2 /* btn_green@2x.png */; };
		1D2520761A18D3D50056B8A2 /* btn_grey@2x.png in Resources */ = {isa = PBXBuildFile; fileRef = 1D2520721A18D3D50056B8A2 /* btn_grey@2x.png */; };
		1D2520791A18DAA30056B8A2 /* LoginCheckVController.m in Sources */ = {isa = PBXBuildFile; fileRef = 1D2520781A18DAA30056B8A2 /* LoginCheckVController.m */; settings = {COMPILER_FLAGS = "-fobjc-arc"; }; };
		1D25207C1A18E50A0056B8A2 /* MainSynVController.m in Sources */ = {isa = PBXBuildFile; fileRef = 1D25207B1A18E50A0056B8A2 /* MainSynVController.m */; };
		1D2520831A18E71D0056B8A2 /* local.png in Resources */ = {isa = PBXBuildFile; fileRef = 1D25207D1A18E71D0056B8A2 /* local.png */; };
		1D2520841A18E71D0056B8A2 /* local@2x.png in Resources */ = {isa = PBXBuildFile; fileRef = 1D25207E1A18E71D0056B8A2 /* local@2x.png */; };
		1D2520851A18E71D0056B8A2 /* local@3x.png in Resources */ = {isa = PBXBuildFile; fileRef = 1D25207F1A18E71D0056B8A2 /* local@3x.png */; };
		1D2520861A18E71D0056B8A2 /* service.png in Resources */ = {isa = PBXBuildFile; fileRef = 1D2520801A18E71D0056B8A2 /* service.png */; };
		1D2520871A18E71D0056B8A2 /* service@2x.png in Resources */ = {isa = PBXBuildFile; fileRef = 1D2520811A18E71D0056B8A2 /* service@2x.png */; };
		1D2520881A18E71D0056B8A2 /* service@3x.png in Resources */ = {isa = PBXBuildFile; fileRef = 1D2520821A18E71D0056B8A2 /* service@3x.png */; };
		1D36737B1A159CC0006D0E96 /* NGViewController.m in Sources */ = {isa = PBXBuildFile; fileRef = 1D36737A1A159CC0006D0E96 /* NGViewController.m */; };
		1D36737E1A159D16006D0E96 /* nav_back_press@2x.png in Resources */ = {isa = PBXBuildFile; fileRef = 1D36737C1A159D16006D0E96 /* nav_back_press@2x.png */; };
		1D36737F1A159D16006D0E96 /* nav_back@2x.png in Resources */ = {isa = PBXBuildFile; fileRef = 1D36737D1A159D16006D0E96 /* nav_back@2x.png */; };
		1D3673981A159E89006D0E96 /* NSArray+NGAdditions.m in Sources */ = {isa = PBXBuildFile; fileRef = 1D3673831A159E89006D0E96 /* NSArray+NGAdditions.m */; };
		1D3673991A159E89006D0E96 /* NSData+NGAdditions.m in Sources */ = {isa = PBXBuildFile; fileRef = 1D3673851A159E89006D0E96 /* NSData+NGAdditions.m */; };
		1D36739A1A159E89006D0E96 /* NSDate+NGAdditions.m in Sources */ = {isa = PBXBuildFile; fileRef = 1D3673871A159E89006D0E96 /* NSDate+NGAdditions.m */; };
		1D36739B1A159E89006D0E96 /* NSDictionary+NGAdditions.m in Sources */ = {isa = PBXBuildFile; fileRef = 1D3673891A159E89006D0E96 /* NSDictionary+NGAdditions.m */; };
		1D36739C1A159E89006D0E96 /* NSJSONSerialization+NGAdditions.m in Sources */ = {isa = PBXBuildFile; fileRef = 1D36738B1A159E89006D0E96 /* NSJSONSerialization+NGAdditions.m */; };
		1D36739D1A159E89006D0E96 /* NSString+NGAdditions.m in Sources */ = {isa = PBXBuildFile; fileRef = 1D36738D1A159E89006D0E96 /* NSString+NGAdditions.m */; };
		1D36739E1A159E89006D0E96 /* UIButton+NGAdditions.m in Sources */ = {isa = PBXBuildFile; fileRef = 1D36738F1A159E89006D0E96 /* UIButton+NGAdditions.m */; };
		1D36739F1A159E89006D0E96 /* UIImage+NGAdditions.m in Sources */ = {isa = PBXBuildFile; fileRef = 1D3673911A159E89006D0E96 /* UIImage+NGAdditions.m */; };
		1D3673A01A159E89006D0E96 /* UINavigationController+NGAdditions.m in Sources */ = {isa = PBXBuildFile; fileRef = 1D3673931A159E89006D0E96 /* UINavigationController+NGAdditions.m */; };
		1D3673A11A159E89006D0E96 /* UITableView+NGAdditions.m in Sources */ = {isa = PBXBuildFile; fileRef = 1D3673951A159E89006D0E96 /* UITableView+NGAdditions.m */; };
		1D3673A21A159E89006D0E96 /* UIView+NGAdditions.m in Sources */ = {isa = PBXBuildFile; fileRef = 1D3673971A159E89006D0E96 /* UIView+NGAdditions.m */; };
		1D3673AC1A159EDD006D0E96 /* AskPhoneNumberViewController.m in Sources */ = {isa = PBXBuildFile; fileRef = 1D3673A41A159EDD006D0E96 /* AskPhoneNumberViewController.m */; settings = {COMPILER_FLAGS = "-fobjc-arc"; }; };
		1D3673AD1A159EDD006D0E96 /* AskPhoneNumberViewController.xib in Resources */ = {isa = PBXBuildFile; fileRef = 1D3673A51A159EDD006D0E96 /* AskPhoneNumberViewController.xib */; };
		1D3673B01A159EDD006D0E96 /* MainViewController.m in Sources */ = {isa = PBXBuildFile; fileRef = 1D3673AA1A159EDD006D0E96 /* MainViewController.m */; settings = {COMPILER_FLAGS = "-fobjc-arc"; }; };
		1D3673B11A159EDD006D0E96 /* MainViewController.xib in Resources */ = {isa = PBXBuildFile; fileRef = 1D3673AB1A159EDD006D0E96 /* MainViewController.xib */; };
		1D419BF61A198DE6002A1CAE /* xingji.png in Resources */ = {isa = PBXBuildFile; fileRef = 1D419BF51A198DE6002A1CAE /* xingji.png */; };
		1D6E8B681A1248DB009664CE /* syn@2x.png in Resources */ = {isa = PBXBuildFile; fileRef = 1D6E8B671A1248DB009664CE /* syn@2x.png */; };
		1D6E8B741A124CCF009664CE /* Images-2.xcassets in Resources */ = {isa = PBXBuildFile; fileRef = 1D6E8B731A124CCF009664CE /* Images-2.xcassets */; };
		6D16D5F11A08A36A001D0939 /* Foundation.framework in Frameworks */ = {isa = PBXBuildFile; fileRef = 6D16D5F01A08A36A001D0939 /* Foundation.framework */; };
		6D16D5F31A08A36A001D0939 /* CoreGraphics.framework in Frameworks */ = {isa = PBXBuildFile; fileRef = 6D16D5F21A08A36A001D0939 /* CoreGraphics.framework */; };
		6D16D5F51A08A36A001D0939 /* UIKit.framework in Frameworks */ = {isa = PBXBuildFile; fileRef = 6D16D5F41A08A36A001D0939 /* UIKit.framework */; };
		6D16D5FB1A08A36A001D0939 /* InfoPlist.strings in Resources */ = {isa = PBXBuildFile; fileRef = 6D16D5F91A08A36A001D0939 /* InfoPlist.strings */; };
		6D16D5FD1A08A36A001D0939 /* main.m in Sources */ = {isa = PBXBuildFile; fileRef = 6D16D5FC1A08A36A001D0939 /* main.m */; };
		6D16D6011A08A36A001D0939 /* AppDelegate.m in Sources */ = {isa = PBXBuildFile; fileRef = 6D16D6001A08A36A001D0939 /* AppDelegate.m */; settings = {COMPILER_FLAGS = "-fobjc-arc"; }; };
		6D16D6101A08A36A001D0939 /* XCTest.framework in Frameworks */ = {isa = PBXBuildFile; fileRef = 6D16D60F1A08A36A001D0939 /* XCTest.framework */; };
		6D16D6111A08A36A001D0939 /* Foundation.framework in Frameworks */ = {isa = PBXBuildFile; fileRef = 6D16D5F01A08A36A001D0939 /* Foundation.framework */; };
		6D16D6121A08A36A001D0939 /* UIKit.framework in Frameworks */ = {isa = PBXBuildFile; fileRef = 6D16D5F41A08A36A001D0939 /* UIKit.framework */; };
		6D16D61A1A08A36A001D0939 /* InfoPlist.strings in Resources */ = {isa = PBXBuildFile; fileRef = 6D16D6181A08A36A001D0939 /* InfoPlist.strings */; };
		6D16D61C1A08A36A001D0939 /* contactTests.m in Sources */ = {isa = PBXBuildFile; fileRef = 6D16D61B1A08A36A001D0939 /* contactTests.m */; settings = {COMPILER_FLAGS = "-fobjc-arc"; }; };
		6D16D6371A08A6BB001D0939 /* DbStruct.m in Sources */ = {isa = PBXBuildFile; fileRef = 6D16D6301A08A6BB001D0939 /* DbStruct.m */; };
		6D16D6381A08A6BB001D0939 /* MMAddressBook.m in Sources */ = {isa = PBXBuildFile; fileRef = 6D16D6321A08A6BB001D0939 /* MMAddressBook.m */; };
		6D16D63A1A08A6BB001D0939 /* MMModel.m in Sources */ = {isa = PBXBuildFile; fileRef = 6D16D6361A08A6BB001D0939 /* MMModel.m */; };
		6D16D6B91A08A921001D0939 /* NSObject+SBJson.m in Sources */ = {isa = PBXBuildFile; fileRef = 6D16D68A1A08A921001D0939 /* NSObject+SBJson.m */; };
		6D16D6BA1A08A921001D0939 /* SBJson.m in Sources */ = {isa = PBXBuildFile; fileRef = 6D16D68C1A08A921001D0939 /* SBJson.m */; };
		6D16D6BB1A08A921001D0939 /* SBJsonParser.m in Sources */ = {isa = PBXBuildFile; fileRef = 6D16D68E1A08A921001D0939 /* SBJsonParser.m */; };
		6D16D6BC1A08A921001D0939 /* SBJsonStreamParser.m in Sources */ = {isa = PBXBuildFile; fileRef = 6D16D6901A08A921001D0939 /* SBJsonStreamParser.m */; };
		6D16D6BD1A08A921001D0939 /* SBJsonStreamParserAccumulator.m in Sources */ = {isa = PBXBuildFile; fileRef = 6D16D6921A08A921001D0939 /* SBJsonStreamParserAccumulator.m */; };
		6D16D6BE1A08A921001D0939 /* SBJsonStreamParserAdapter.m in Sources */ = {isa = PBXBuildFile; fileRef = 6D16D6941A08A921001D0939 /* SBJsonStreamParserAdapter.m */; };
		6D16D6BF1A08A921001D0939 /* SBJsonStreamParserState.m in Sources */ = {isa = PBXBuildFile; fileRef = 6D16D6961A08A921001D0939 /* SBJsonStreamParserState.m */; };
		6D16D6C01A08A921001D0939 /* SBJsonStreamWriter.m in Sources */ = {isa = PBXBuildFile; fileRef = 6D16D6981A08A921001D0939 /* SBJsonStreamWriter.m */; };
		6D16D6C11A08A921001D0939 /* SBJsonStreamWriterAccumulator.m in Sources */ = {isa = PBXBuildFile; fileRef = 6D16D69A1A08A921001D0939 /* SBJsonStreamWriterAccumulator.m */; };
		6D16D6C21A08A921001D0939 /* SBJsonStreamWriterState.m in Sources */ = {isa = PBXBuildFile; fileRef = 6D16D69C1A08A921001D0939 /* SBJsonStreamWriterState.m */; };
		6D16D6C31A08A921001D0939 /* SBJsonTokeniser.m in Sources */ = {isa = PBXBuildFile; fileRef = 6D16D69E1A08A921001D0939 /* SBJsonTokeniser.m */; };
		6D16D6C41A08A921001D0939 /* SBJsonUTF8Stream.m in Sources */ = {isa = PBXBuildFile; fileRef = 6D16D6A01A08A921001D0939 /* SBJsonUTF8Stream.m */; };
		6D16D6C51A08A921001D0939 /* SBJsonWriter.m in Sources */ = {isa = PBXBuildFile; fileRef = 6D16D6A21A08A921001D0939 /* SBJsonWriter.m */; };
		6D16D6C61A08A921001D0939 /* PlausibleDatabase.m in Sources */ = {isa = PBXBuildFile; fileRef = 6D16D6A51A08A921001D0939 /* PlausibleDatabase.m */; };
		6D16D6C71A08A921001D0939 /* PLDatabaseMigrationManager.m in Sources */ = {isa = PBXBuildFile; fileRef = 6D16D6AA1A08A921001D0939 /* PLDatabaseMigrationManager.m */; };
		6D16D6C81A08A921001D0939 /* PLSqliteConnectionProvider.m in Sources */ = {isa = PBXBuildFile; fileRef = 6D16D6B01A08A921001D0939 /* PLSqliteConnectionProvider.m */; };
		6D16D6C91A08A921001D0939 /* PLSqliteDatabase.m in Sources */ = {isa = PBXBuildFile; fileRef = 6D16D6B21A08A921001D0939 /* PLSqliteDatabase.m */; };
		6D16D6CA1A08A921001D0939 /* PLSqliteMigrationVersionManager.m in Sources */ = {isa = PBXBuildFile; fileRef = 6D16D6B41A08A921001D0939 /* PLSqliteMigrationVersionManager.m */; };
		6D16D6CB1A08A921001D0939 /* PLSqlitePreparedStatement.m in Sources */ = {isa = PBXBuildFile; fileRef = 6D16D6B61A08A921001D0939 /* PLSqlitePreparedStatement.m */; };
		6D16D6CC1A08A921001D0939 /* PLSqliteResultSet.m in Sources */ = {isa = PBXBuildFile; fileRef = 6D16D6B81A08A921001D0939 /* PLSqliteResultSet.m */; };
		6D16D6D01A08A980001D0939 /* MMGlobalData.m in Sources */ = {isa = PBXBuildFile; fileRef = 6D16D6CE1A08A980001D0939 /* MMGlobalData.m */; };
		6D16D6D31A08A995001D0939 /* MMLogger.m in Sources */ = {isa = PBXBuildFile; fileRef = 6D16D6D21A08A995001D0939 /* MMLogger.m */; };
		6D16D6D61A08A9AE001D0939 /* MMGlobalPara.m in Sources */ = {isa = PBXBuildFile; fileRef = 6D16D6D51A08A9AE001D0939 /* MMGlobalPara.m */; };
		6D16D6DD1A08AA5B001D0939 /* RegexKitLite.m in Sources */ = {isa = PBXBuildFile; fileRef = 6D16D6DC1A08AA5B001D0939 /* RegexKitLite.m */; };
		6D16D6E01A08AAB3001D0939 /* MMCommonAPI.m in Sources */ = {isa = PBXBuildFile; fileRef = 6D16D6DF1A08AAB3001D0939 /* MMCommonAPI.m */; };
		6D16D6E41A08AADC001D0939 /* Reachability.m in Sources */ = {isa = PBXBuildFile; fileRef = 6D16D6E31A08AADC001D0939 /* Reachability.m */; };
		6D16D6FB1A08AB31001D0939 /* MMServerContactManager.m in Sources */ = {isa = PBXBuildFile; fileRef = 6D16D6F21A08AB31001D0939 /* MMServerContactManager.m */; };
		6D16D6FC1A08AB31001D0939 /* MMUapRequest.m in Sources */ = {isa = PBXBuildFile; fileRef = 6D16D6F41A08AB31001D0939 /* MMUapRequest.m */; };
		6D16D6FE1A08AB31001D0939 /* oauth.c in Sources */ = {isa = PBXBuildFile; fileRef = 6D16D6F61A08AB31001D0939 /* oauth.c */; };
		6D16D7031A08AB67001D0939 /* hmac.c in Sources */ = {isa = PBXBuildFile; fileRef = 6D16D6FF1A08AB67001D0939 /* hmac.c */; };
		6D16D7041A08AB67001D0939 /* md5.c in Sources */ = {isa = PBXBuildFile; fileRef = 6D16D7011A08AB67001D0939 /* md5.c */; };
		6D16D7081A08ABD4001D0939 /* sha.c in Sources */ = {isa = PBXBuildFile; fileRef = 6D16D7061A08ABD4001D0939 /* sha.c */; };
		6D16D71E1A08AC01001D0939 /* ASIAuthenticationDialog.m in Sources */ = {isa = PBXBuildFile; fileRef = 6D16D70B1A08AC01001D0939 /* ASIAuthenticationDialog.m */; };
		6D16D71F1A08AC01001D0939 /* ASIDataCompressor.m in Sources */ = {isa = PBXBuildFile; fileRef = 6D16D70E1A08AC01001D0939 /* ASIDataCompressor.m */; };
		6D16D7201A08AC01001D0939 /* ASIDataDecompressor.m in Sources */ = {isa = PBXBuildFile; fileRef = 6D16D7101A08AC01001D0939 /* ASIDataDecompressor.m */; };
		6D16D7211A08AC01001D0939 /* ASIDownloadCache.m in Sources */ = {isa = PBXBuildFile; fileRef = 6D16D7121A08AC01001D0939 /* ASIDownloadCache.m */; };
		6D16D7221A08AC01001D0939 /* ASIFormDataRequest.m in Sources */ = {isa = PBXBuildFile; fileRef = 6D16D7141A08AC01001D0939 /* ASIFormDataRequest.m */; };
		6D16D7231A08AC01001D0939 /* ASIHTTPRequest.m in Sources */ = {isa = PBXBuildFile; fileRef = 6D16D7161A08AC01001D0939 /* ASIHTTPRequest.m */; };
		6D16D7241A08AC01001D0939 /* ASIInputStream.m in Sources */ = {isa = PBXBuildFile; fileRef = 6D16D71A1A08AC01001D0939 /* ASIInputStream.m */; };
		6D16D7251A08AC01001D0939 /* ASINetworkQueue.m in Sources */ = {isa = PBXBuildFile; fileRef = 6D16D71C1A08AC01001D0939 /* ASINetworkQueue.m */; };
		6D16D7281A08AC1B001D0939 /* MMThread.m in Sources */ = {isa = PBXBuildFile; fileRef = 6D16D7271A08AC1B001D0939 /* MMThread.m */; };
		6D16D7AB1A08AFFB001D0939 /* libz.dylib in Frameworks */ = {isa = PBXBuildFile; fileRef = 6D16D7AA1A08AFFB001D0939 /* libz.dylib */; };
		6D16D7AD1A08B003001D0939 /* libsqlite3.dylib in Frameworks */ = {isa = PBXBuildFile; fileRef = 6D16D7AC1A08B003001D0939 /* libsqlite3.dylib */; };
		6D16D7B31A08B287001D0939 /* MMContactSync.m in Sources */ = {isa = PBXBuildFile; fileRef = 6D16D7AF1A08B287001D0939 /* MMContactSync.m */; };
		6D16D7B41A08B287001D0939 /* MMSyncContact.m in Sources */ = {isa = PBXBuildFile; fileRef = 6D16D7B01A08B287001D0939 /* MMSyncContact.m */; };
		6D16D7B51A08B287001D0939 /* MMSyncThread.m in Sources */ = {isa = PBXBuildFile; fileRef = 6D16D7B21A08B287001D0939 /* MMSyncThread.m */; };
		6D16D7B71A08C3FF001D0939 /* momo.db in Resources */ = {isa = PBXBuildFile; fileRef = 6D16D7B61A08C228001D0939 /* momo.db */; };
		6D16D7BC1A08EFA0001D0939 /* GTMBase64.m in Sources */ = {isa = PBXBuildFile; fileRef = 6D16D7BA1A08EFA0001D0939 /* GTMBase64.m */; };
		6D16D7C91A0B86D1001D0939 /* MBProgressHUD.m in Sources */ = {isa = PBXBuildFile; fileRef = 6D16D7C81A0B86D1001D0939 /* MBProgressHUD.m */; settings = {COMPILER_FLAGS = "-fobjc-arc"; }; };
		6D16D7CC1A0B86E6001D0939 /* TAHttpOperation.m in Sources */ = {isa = PBXBuildFile; fileRef = 6D16D7CB1A0B86E6001D0939 /* TAHttpOperation.m */; settings = {COMPILER_FLAGS = "-fobjc-arc"; }; };
		6D16D7CF1A0B86F5001D0939 /* APIRequest.m in Sources */ = {isa = PBXBuildFile; fileRef = 6D16D7CE1A0B86F5001D0939 /* APIRequest.m */; settings = {COMPILER_FLAGS = "-fobjc-arc"; }; };
		6D16D7D71A0C702B001D0939 /* Token.m in Sources */ = {isa = PBXBuildFile; fileRef = 6D16D7D61A0C702B001D0939 /* Token.m */; settings = {COMPILER_FLAGS = "-fobjc-arc"; }; };
/* End PBXBuildFile section */

/* Begin PBXContainerItemProxy section */
		6D16D6131A08A36A001D0939 /* PBXContainerItemProxy */ = {
			isa = PBXContainerItemProxy;
			containerPortal = 6D16D5E51A08A36A001D0939 /* Project object */;
			proxyType = 1;
			remoteGlobalIDString = 6D16D5EC1A08A36A001D0939;
			remoteInfo = contact;
		};
/* End PBXContainerItemProxy section */

/* Begin PBXFileReference section */
		1D2520651A18CCB00056B8A2 /* LoginViewController.h */ = {isa = PBXFileReference; fileEncoding = 4; lastKnownFileType = sourcecode.c.h; path = LoginViewController.h; sourceTree = "<group>"; };
		1D2520661A18CCB00056B8A2 /* LoginViewController.m */ = {isa = PBXFileReference; fileEncoding = 4; lastKnownFileType = sourcecode.c.objc; path = LoginViewController.m; sourceTree = "<group>"; };
		1D2520691A18CEAC0056B8A2 /* SVProgressHUD-Prefix.pch */ = {isa = PBXFileReference; fileEncoding = 4; lastKnownFileType = sourcecode.c.h; path = "SVProgressHUD-Prefix.pch"; sourceTree = "<group>"; };
		1D25206A1A18CEAC0056B8A2 /* SVProgressHUD.bundle */ = {isa = PBXFileReference; lastKnownFileType = "wrapper.plug-in"; path = SVProgressHUD.bundle; sourceTree = "<group>"; };
		1D25206B1A18CEAC0056B8A2 /* SVProgressHUD.h */ = {isa = PBXFileReference; fileEncoding = 4; lastKnownFileType = sourcecode.c.h; path = SVProgressHUD.h; sourceTree = "<group>"; };
		1D25206C1A18CEAC0056B8A2 /* SVProgressHUD.m */ = {isa = PBXFileReference; fileEncoding = 4; lastKnownFileType = sourcecode.c.objc; path = SVProgressHUD.m; sourceTree = "<group>"; };
		1D25206F1A18D3D50056B8A2 /* btn_disable@2x.png */ = {isa = PBXFileReference; lastKnownFileType = image.png; path = "btn_disable@2x.png"; sourceTree = "<group>"; };
		1D2520701A18D3D50056B8A2 /* btn_green_press@2x.png */ = {isa = PBXFileReference; lastKnownFileType = image.png; path = "btn_green_press@2x.png"; sourceTree = "<group>"; };
		1D2520711A18D3D50056B8A2 /* btn_green@2x.png */ = {isa = PBXFileReference; lastKnownFileType = image.png; path = "btn_green@2x.png"; sourceTree = "<group>"; };
		1D2520721A18D3D50056B8A2 /* btn_grey@2x.png */ = {isa = PBXFileReference; lastKnownFileType = image.png; path = "btn_grey@2x.png"; sourceTree = "<group>"; };
		1D2520771A18DAA30056B8A2 /* LoginCheckVController.h */ = {isa = PBXFileReference; fileEncoding = 4; lastKnownFileType = sourcecode.c.h; path = LoginCheckVController.h; sourceTree = "<group>"; };
		1D2520781A18DAA30056B8A2 /* LoginCheckVController.m */ = {isa = PBXFileReference; fileEncoding = 4; lastKnownFileType = sourcecode.c.objc; path = LoginCheckVController.m; sourceTree = "<group>"; };
		1D25207A1A18E50A0056B8A2 /* MainSynVController.h */ = {isa = PBXFileReference; fileEncoding = 4; lastKnownFileType = sourcecode.c.h; path = MainSynVController.h; sourceTree = "<group>"; };
		1D25207B1A18E50A0056B8A2 /* MainSynVController.m */ = {isa = PBXFileReference; fileEncoding = 4; lastKnownFileType = sourcecode.c.objc; path = MainSynVController.m; sourceTree = "<group>"; };
		1D25207D1A18E71D0056B8A2 /* local.png */ = {isa = PBXFileReference; lastKnownFileType = image.png; path = local.png; sourceTree = "<group>"; };
		1D25207E1A18E71D0056B8A2 /* local@2x.png */ = {isa = PBXFileReference; lastKnownFileType = image.png; path = "local@2x.png"; sourceTree = "<group>"; };
		1D25207F1A18E71D0056B8A2 /* local@3x.png */ = {isa = PBXFileReference; lastKnownFileType = image.png; path = "local@3x.png"; sourceTree = "<group>"; };
		1D2520801A18E71D0056B8A2 /* service.png */ = {isa = PBXFileReference; lastKnownFileType = image.png; path = service.png; sourceTree = "<group>"; };
		1D2520811A18E71D0056B8A2 /* service@2x.png */ = {isa = PBXFileReference; lastKnownFileType = image.png; path = "service@2x.png"; sourceTree = "<group>"; };
		1D2520821A18E71D0056B8A2 /* service@3x.png */ = {isa = PBXFileReference; lastKnownFileType = image.png; path = "service@3x.png"; sourceTree = "<group>"; };
		1D2520891A1986980056B8A2 /* Default-568h@2x.png */ = {isa = PBXFileReference; lastKnownFileType = image.png; name = "Default-568h@2x.png"; path = "contact/Resource/NGImage/Default-568h@2x.png"; sourceTree = "<group>"; };
		1D3673791A159CC0006D0E96 /* NGViewController.h */ = {isa = PBXFileReference; fileEncoding = 4; lastKnownFileType = sourcecode.c.h; path = NGViewController.h; sourceTree = "<group>"; };
		1D36737A1A159CC0006D0E96 /* NGViewController.m */ = {isa = PBXFileReference; fileEncoding = 4; lastKnownFileType = sourcecode.c.objc; path = NGViewController.m; sourceTree = "<group>"; };
		1D36737C1A159D16006D0E96 /* nav_back_press@2x.png */ = {isa = PBXFileReference; lastKnownFileType = image.png; path = "nav_back_press@2x.png"; sourceTree = "<group>"; };
		1D36737D1A159D16006D0E96 /* nav_back@2x.png */ = {isa = PBXFileReference; lastKnownFileType = image.png; path = "nav_back@2x.png"; sourceTree = "<group>"; };
		1D3673811A159E89006D0E96 /* NGAddtions.h */ = {isa = PBXFileReference; fileEncoding = 4; lastKnownFileType = sourcecode.c.h; path = NGAddtions.h; sourceTree = "<group>"; };
		1D3673821A159E89006D0E96 /* NSArray+NGAdditions.h */ = {isa = PBXFileReference; fileEncoding = 4; lastKnownFileType = sourcecode.c.h; path = "NSArray+NGAdditions.h"; sourceTree = "<group>"; };
		1D3673831A159E89006D0E96 /* NSArray+NGAdditions.m */ = {isa = PBXFileReference; fileEncoding = 4; lastKnownFileType = sourcecode.c.objc; path = "NSArray+NGAdditions.m"; sourceTree = "<group>"; };
		1D3673841A159E89006D0E96 /* NSData+NGAdditions.h */ = {isa = PBXFileReference; fileEncoding = 4; lastKnownFileType = sourcecode.c.h; path = "NSData+NGAdditions.h"; sourceTree = "<group>"; };
		1D3673851A159E89006D0E96 /* NSData+NGAdditions.m */ = {isa = PBXFileReference; fileEncoding = 4; lastKnownFileType = sourcecode.c.objc; path = "NSData+NGAdditions.m"; sourceTree = "<group>"; };
		1D3673861A159E89006D0E96 /* NSDate+NGAdditions.h */ = {isa = PBXFileReference; fileEncoding = 4; lastKnownFileType = sourcecode.c.h; path = "NSDate+NGAdditions.h"; sourceTree = "<group>"; };
		1D3673871A159E89006D0E96 /* NSDate+NGAdditions.m */ = {isa = PBXFileReference; fileEncoding = 4; lastKnownFileType = sourcecode.c.objc; path = "NSDate+NGAdditions.m"; sourceTree = "<group>"; };
		1D3673881A159E89006D0E96 /* NSDictionary+NGAdditions.h */ = {isa = PBXFileReference; fileEncoding = 4; lastKnownFileType = sourcecode.c.h; path = "NSDictionary+NGAdditions.h"; sourceTree = "<group>"; };
		1D3673891A159E89006D0E96 /* NSDictionary+NGAdditions.m */ = {isa = PBXFileReference; fileEncoding = 4; lastKnownFileType = sourcecode.c.objc; path = "NSDictionary+NGAdditions.m"; sourceTree = "<group>"; };
		1D36738A1A159E89006D0E96 /* NSJSONSerialization+NGAdditions.h */ = {isa = PBXFileReference; fileEncoding = 4; lastKnownFileType = sourcecode.c.h; path = "NSJSONSerialization+NGAdditions.h"; sourceTree = "<group>"; };
		1D36738B1A159E89006D0E96 /* NSJSONSerialization+NGAdditions.m */ = {isa = PBXFileReference; fileEncoding = 4; lastKnownFileType = sourcecode.c.objc; path = "NSJSONSerialization+NGAdditions.m"; sourceTree = "<group>"; };
		1D36738C1A159E89006D0E96 /* NSString+NGAdditions.h */ = {isa = PBXFileReference; fileEncoding = 4; lastKnownFileType = sourcecode.c.h; path = "NSString+NGAdditions.h"; sourceTree = "<group>"; };
		1D36738D1A159E89006D0E96 /* NSString+NGAdditions.m */ = {isa = PBXFileReference; fileEncoding = 4; lastKnownFileType = sourcecode.c.objc; path = "NSString+NGAdditions.m"; sourceTree = "<group>"; };
		1D36738E1A159E89006D0E96 /* UIButton+NGAdditions.h */ = {isa = PBXFileReference; fileEncoding = 4; lastKnownFileType = sourcecode.c.h; path = "UIButton+NGAdditions.h"; sourceTree = "<group>"; };
		1D36738F1A159E89006D0E96 /* UIButton+NGAdditions.m */ = {isa = PBXFileReference; fileEncoding = 4; lastKnownFileType = sourcecode.c.objc; path = "UIButton+NGAdditions.m"; sourceTree = "<group>"; };
		1D3673901A159E89006D0E96 /* UIImage+NGAdditions.h */ = {isa = PBXFileReference; fileEncoding = 4; lastKnownFileType = sourcecode.c.h; path = "UIImage+NGAdditions.h"; sourceTree = "<group>"; };
		1D3673911A159E89006D0E96 /* UIImage+NGAdditions.m */ = {isa = PBXFileReference; fileEncoding = 4; lastKnownFileType = sourcecode.c.objc; path = "UIImage+NGAdditions.m"; sourceTree = "<group>"; };
		1D3673921A159E89006D0E96 /* UINavigationController+NGAdditions.h */ = {isa = PBXFileReference; fileEncoding = 4; lastKnownFileType = sourcecode.c.h; path = "UINavigationController+NGAdditions.h"; sourceTree = "<group>"; };
		1D3673931A159E89006D0E96 /* UINavigationController+NGAdditions.m */ = {isa = PBXFileReference; fileEncoding = 4; lastKnownFileType = sourcecode.c.objc; path = "UINavigationController+NGAdditions.m"; sourceTree = "<group>"; };
		1D3673941A159E89006D0E96 /* UITableView+NGAdditions.h */ = {isa = PBXFileReference; fileEncoding = 4; lastKnownFileType = sourcecode.c.h; path = "UITableView+NGAdditions.h"; sourceTree = "<group>"; };
		1D3673951A159E89006D0E96 /* UITableView+NGAdditions.m */ = {isa = PBXFileReference; fileEncoding = 4; lastKnownFileType = sourcecode.c.objc; path = "UITableView+NGAdditions.m"; sourceTree = "<group>"; };
		1D3673961A159E89006D0E96 /* UIView+NGAdditions.h */ = {isa = PBXFileReference; fileEncoding = 4; lastKnownFileType = sourcecode.c.h; path = "UIView+NGAdditions.h"; sourceTree = "<group>"; };
		1D3673971A159E89006D0E96 /* UIView+NGAdditions.m */ = {isa = PBXFileReference; fileEncoding = 4; lastKnownFileType = sourcecode.c.objc; path = "UIView+NGAdditions.m"; sourceTree = "<group>"; };
		1D3673A31A159EDD006D0E96 /* AskPhoneNumberViewController.h */ = {isa = PBXFileReference; fileEncoding = 4; lastKnownFileType = sourcecode.c.h; path = AskPhoneNumberViewController.h; sourceTree = "<group>"; };
		1D3673A41A159EDD006D0E96 /* AskPhoneNumberViewController.m */ = {isa = PBXFileReference; fileEncoding = 4; lastKnownFileType = sourcecode.c.objc; path = AskPhoneNumberViewController.m; sourceTree = "<group>"; };
		1D3673A51A159EDD006D0E96 /* AskPhoneNumberViewController.xib */ = {isa = PBXFileReference; fileEncoding = 4; lastKnownFileType = file.xib; path = AskPhoneNumberViewController.xib; sourceTree = "<group>"; };
		1D3673A91A159EDD006D0E96 /* MainViewController.h */ = {isa = PBXFileReference; fileEncoding = 4; lastKnownFileType = sourcecode.c.h; path = MainViewController.h; sourceTree = "<group>"; };
		1D3673AA1A159EDD006D0E96 /* MainViewController.m */ = {isa = PBXFileReference; fileEncoding = 4; lastKnownFileType = sourcecode.c.objc; path = MainViewController.m; sourceTree = "<group>"; };
		1D3673AB1A159EDD006D0E96 /* MainViewController.xib */ = {isa = PBXFileReference; fileEncoding = 4; lastKnownFileType = file.xib; path = MainViewController.xib; sourceTree = "<group>"; };
		1D419BF51A198DE6002A1CAE /* xingji.png */ = {isa = PBXFileReference; lastKnownFileType = image.png; path = xingji.png; sourceTree = "<group>"; };
		1D6E8B671A1248DB009664CE /* syn@2x.png */ = {isa = PBXFileReference; lastKnownFileType = image.png; path = "syn@2x.png"; sourceTree = "<group>"; };
		1D6E8B731A124CCF009664CE /* Images-2.xcassets */ = {isa = PBXFileReference; lastKnownFileType = folder.assetcatalog; path = "Images-2.xcassets"; sourceTree = "<group>"; };
		1DF778221A12346B007059F5 /* icon_120.png */ = {isa = PBXFileReference; lastKnownFileType = image.png; path = icon_120.png; sourceTree = "<group>"; };
		1DF778231A123545007059F5 /* icon_80.png */ = {isa = PBXFileReference; lastKnownFileType = image.png; path = icon_80.png; sourceTree = "<group>"; };
		1DF778251A1235E7007059F5 /* icon_58.png */ = {isa = PBXFileReference; lastKnownFileType = image.png; path = icon_58.png; sourceTree = "<group>"; };
		6D16D5ED1A08A36A001D0939 /* contact.app */ = {isa = PBXFileReference; explicitFileType = wrapper.application; includeInIndex = 0; path = contact.app; sourceTree = BUILT_PRODUCTS_DIR; };
		6D16D5F01A08A36A001D0939 /* Foundation.framework */ = {isa = PBXFileReference; lastKnownFileType = wrapper.framework; name = Foundation.framework; path = System/Library/Frameworks/Foundation.framework; sourceTree = SDKROOT; };
		6D16D5F21A08A36A001D0939 /* CoreGraphics.framework */ = {isa = PBXFileReference; lastKnownFileType = wrapper.framework; name = CoreGraphics.framework; path = System/Library/Frameworks/CoreGraphics.framework; sourceTree = SDKROOT; };
		6D16D5F41A08A36A001D0939 /* UIKit.framework */ = {isa = PBXFileReference; lastKnownFileType = wrapper.framework; name = UIKit.framework; path = System/Library/Frameworks/UIKit.framework; sourceTree = SDKROOT; };
		6D16D5F81A08A36A001D0939 /* contact-Info.plist */ = {isa = PBXFileReference; lastKnownFileType = text.plist.xml; path = "contact-Info.plist"; sourceTree = "<group>"; };
		6D16D5FA1A08A36A001D0939 /* en */ = {isa = PBXFileReference; lastKnownFileType = text.plist.strings; name = en; path = en.lproj/InfoPlist.strings; sourceTree = "<group>"; };
		6D16D5FC1A08A36A001D0939 /* main.m */ = {isa = PBXFileReference; lastKnownFileType = sourcecode.c.objc; path = main.m; sourceTree = "<group>"; };
		6D16D5FE1A08A36A001D0939 /* contact-Prefix.pch */ = {isa = PBXFileReference; lastKnownFileType = sourcecode.c.h; path = "contact-Prefix.pch"; sourceTree = "<group>"; };
		6D16D5FF1A08A36A001D0939 /* AppDelegate.h */ = {isa = PBXFileReference; lastKnownFileType = sourcecode.c.h; path = AppDelegate.h; sourceTree = "<group>"; };
		6D16D6001A08A36A001D0939 /* AppDelegate.m */ = {isa = PBXFileReference; lastKnownFileType = sourcecode.c.objc; path = AppDelegate.m; sourceTree = "<group>"; };
		6D16D60E1A08A36A001D0939 /* contactTests.xctest */ = {isa = PBXFileReference; explicitFileType = wrapper.cfbundle; includeInIndex = 0; path = contactTests.xctest; sourceTree = BUILT_PRODUCTS_DIR; };
		6D16D60F1A08A36A001D0939 /* XCTest.framework */ = {isa = PBXFileReference; lastKnownFileType = wrapper.framework; name = XCTest.framework; path = Library/Frameworks/XCTest.framework; sourceTree = DEVELOPER_DIR; };
		6D16D6171A08A36A001D0939 /* contactTests-Info.plist */ = {isa = PBXFileReference; lastKnownFileType = text.plist.xml; path = "contactTests-Info.plist"; sourceTree = "<group>"; };
		6D16D6191A08A36A001D0939 /* en */ = {isa = PBXFileReference; lastKnownFileType = text.plist.strings; name = en; path = en.lproj/InfoPlist.strings; sourceTree = "<group>"; };
		6D16D61B1A08A36A001D0939 /* contactTests.m */ = {isa = PBXFileReference; lastKnownFileType = sourcecode.c.objc; path = contactTests.m; sourceTree = "<group>"; };
		6D16D62F1A08A6BB001D0939 /* DbStruct.h */ = {isa = PBXFileReference; fileEncoding = 4; lastKnownFileType = sourcecode.c.h; path = DbStruct.h; sourceTree = "<group>"; };
		6D16D6301A08A6BB001D0939 /* DbStruct.m */ = {isa = PBXFileReference; fileEncoding = 4; lastKnownFileType = sourcecode.c.objc; path = DbStruct.m; sourceTree = "<group>"; };
		6D16D6311A08A6BB001D0939 /* MMAddressBook.h */ = {isa = PBXFileReference; fileEncoding = 4; lastKnownFileType = sourcecode.c.h; path = MMAddressBook.h; sourceTree = "<group>"; };
		6D16D6321A08A6BB001D0939 /* MMAddressBook.m */ = {isa = PBXFileReference; fileEncoding = 4; lastKnownFileType = sourcecode.c.objc; path = MMAddressBook.m; sourceTree = "<group>"; };
		6D16D6351A08A6BB001D0939 /* MMModel.h */ = {isa = PBXFileReference; fileEncoding = 4; lastKnownFileType = sourcecode.c.h; path = MMModel.h; sourceTree = "<group>"; };
		6D16D6361A08A6BB001D0939 /* MMModel.m */ = {isa = PBXFileReference; fileEncoding = 4; lastKnownFileType = sourcecode.c.objc; path = MMModel.m; sourceTree = "<group>"; };
		6D16D6581A08A799001D0939 /* DefineEnum.h */ = {isa = PBXFileReference; lastKnownFileType = sourcecode.c.h; path = DefineEnum.h; sourceTree = "<group>"; };
		6D16D6591A08A799001D0939 /* ErrorType.h */ = {isa = PBXFileReference; lastKnownFileType = sourcecode.c.h; path = ErrorType.h; sourceTree = "<group>"; };
		6D16D6881A08A921001D0939 /* JSON.h */ = {isa = PBXFileReference; fileEncoding = 4; lastKnownFileType = sourcecode.c.h; path = JSON.h; sourceTree = "<group>"; };
		6D16D6891A08A921001D0939 /* NSObject+SBJson.h */ = {isa = PBXFileReference; fileEncoding = 4; lastKnownFileType = sourcecode.c.h; path = "NSObject+SBJson.h"; sourceTree = "<group>"; };
		6D16D68A1A08A921001D0939 /* NSObject+SBJson.m */ = {isa = PBXFileReference; fileEncoding = 4; lastKnownFileType = sourcecode.c.objc; path = "NSObject+SBJson.m"; sourceTree = "<group>"; };
		6D16D68B1A08A921001D0939 /* SBJson.h */ = {isa = PBXFileReference; fileEncoding = 4; lastKnownFileType = sourcecode.c.h; path = SBJson.h; sourceTree = "<group>"; };
		6D16D68C1A08A921001D0939 /* SBJson.m */ = {isa = PBXFileReference; fileEncoding = 4; lastKnownFileType = sourcecode.c.objc; path = SBJson.m; sourceTree = "<group>"; };
		6D16D68D1A08A921001D0939 /* SBJsonParser.h */ = {isa = PBXFileReference; fileEncoding = 4; lastKnownFileType = sourcecode.c.h; path = SBJsonParser.h; sourceTree = "<group>"; };
		6D16D68E1A08A921001D0939 /* SBJsonParser.m */ = {isa = PBXFileReference; fileEncoding = 4; lastKnownFileType = sourcecode.c.objc; path = SBJsonParser.m; sourceTree = "<group>"; };
		6D16D68F1A08A921001D0939 /* SBJsonStreamParser.h */ = {isa = PBXFileReference; fileEncoding = 4; lastKnownFileType = sourcecode.c.h; path = SBJsonStreamParser.h; sourceTree = "<group>"; };
		6D16D6901A08A921001D0939 /* SBJsonStreamParser.m */ = {isa = PBXFileReference; fileEncoding = 4; lastKnownFileType = sourcecode.c.objc; path = SBJsonStreamParser.m; sourceTree = "<group>"; };
		6D16D6911A08A921001D0939 /* SBJsonStreamParserAccumulator.h */ = {isa = PBXFileReference; fileEncoding = 4; lastKnownFileType = sourcecode.c.h; path = SBJsonStreamParserAccumulator.h; sourceTree = "<group>"; };
		6D16D6921A08A921001D0939 /* SBJsonStreamParserAccumulator.m */ = {isa = PBXFileReference; fileEncoding = 4; lastKnownFileType = sourcecode.c.objc; path = SBJsonStreamParserAccumulator.m; sourceTree = "<group>"; };
		6D16D6931A08A921001D0939 /* SBJsonStreamParserAdapter.h */ = {isa = PBXFileReference; fileEncoding = 4; lastKnownFileType = sourcecode.c.h; path = SBJsonStreamParserAdapter.h; sourceTree = "<group>"; };
		6D16D6941A08A921001D0939 /* SBJsonStreamParserAdapter.m */ = {isa = PBXFileReference; fileEncoding = 4; lastKnownFileType = sourcecode.c.objc; path = SBJsonStreamParserAdapter.m; sourceTree = "<group>"; };
		6D16D6951A08A921001D0939 /* SBJsonStreamParserState.h */ = {isa = PBXFileReference; fileEncoding = 4; lastKnownFileType = sourcecode.c.h; path = SBJsonStreamParserState.h; sourceTree = "<group>"; };
		6D16D6961A08A921001D0939 /* SBJsonStreamParserState.m */ = {isa = PBXFileReference; fileEncoding = 4; lastKnownFileType = sourcecode.c.objc; path = SBJsonStreamParserState.m; sourceTree = "<group>"; };
		6D16D6971A08A921001D0939 /* SBJsonStreamWriter.h */ = {isa = PBXFileReference; fileEncoding = 4; lastKnownFileType = sourcecode.c.h; path = SBJsonStreamWriter.h; sourceTree = "<group>"; };
		6D16D6981A08A921001D0939 /* SBJsonStreamWriter.m */ = {isa = PBXFileReference; fileEncoding = 4; lastKnownFileType = sourcecode.c.objc; path = SBJsonStreamWriter.m; sourceTree = "<group>"; };
		6D16D6991A08A921001D0939 /* SBJsonStreamWriterAccumulator.h */ = {isa = PBXFileReference; fileEncoding = 4; lastKnownFileType = sourcecode.c.h; path = SBJsonStreamWriterAccumulator.h; sourceTree = "<group>"; };
		6D16D69A1A08A921001D0939 /* SBJsonStreamWriterAccumulator.m */ = {isa = PBXFileReference; fileEncoding = 4; lastKnownFileType = sourcecode.c.objc; path = SBJsonStreamWriterAccumulator.m; sourceTree = "<group>"; };
		6D16D69B1A08A921001D0939 /* SBJsonStreamWriterState.h */ = {isa = PBXFileReference; fileEncoding = 4; lastKnownFileType = sourcecode.c.h; path = SBJsonStreamWriterState.h; sourceTree = "<group>"; };
		6D16D69C1A08A921001D0939 /* SBJsonStreamWriterState.m */ = {isa = PBXFileReference; fileEncoding = 4; lastKnownFileType = sourcecode.c.objc; path = SBJsonStreamWriterState.m; sourceTree = "<group>"; };
		6D16D69D1A08A921001D0939 /* SBJsonTokeniser.h */ = {isa = PBXFileReference; fileEncoding = 4; lastKnownFileType = sourcecode.c.h; path = SBJsonTokeniser.h; sourceTree = "<group>"; };
		6D16D69E1A08A921001D0939 /* SBJsonTokeniser.m */ = {isa = PBXFileReference; fileEncoding = 4; lastKnownFileType = sourcecode.c.objc; path = SBJsonTokeniser.m; sourceTree = "<group>"; };
		6D16D69F1A08A921001D0939 /* SBJsonUTF8Stream.h */ = {isa = PBXFileReference; fileEncoding = 4; lastKnownFileType = sourcecode.c.h; path = SBJsonUTF8Stream.h; sourceTree = "<group>"; };
		6D16D6A01A08A921001D0939 /* SBJsonUTF8Stream.m */ = {isa = PBXFileReference; fileEncoding = 4; lastKnownFileType = sourcecode.c.objc; path = SBJsonUTF8Stream.m; sourceTree = "<group>"; };
		6D16D6A11A08A921001D0939 /* SBJsonWriter.h */ = {isa = PBXFileReference; fileEncoding = 4; lastKnownFileType = sourcecode.c.h; path = SBJsonWriter.h; sourceTree = "<group>"; };
		6D16D6A21A08A921001D0939 /* SBJsonWriter.m */ = {isa = PBXFileReference; fileEncoding = 4; lastKnownFileType = sourcecode.c.objc; path = SBJsonWriter.m; sourceTree = "<group>"; };
		6D16D6A41A08A921001D0939 /* PlausibleDatabase.h */ = {isa = PBXFileReference; fileEncoding = 4; lastKnownFileType = sourcecode.c.h; path = PlausibleDatabase.h; sourceTree = "<group>"; };
		6D16D6A51A08A921001D0939 /* PlausibleDatabase.m */ = {isa = PBXFileReference; fileEncoding = 4; lastKnownFileType = sourcecode.c.objc; path = PlausibleDatabase.m; sourceTree = "<group>"; };
		6D16D6A61A08A921001D0939 /* PLDatabase.h */ = {isa = PBXFileReference; fileEncoding = 4; lastKnownFileType = sourcecode.c.h; path = PLDatabase.h; sourceTree = "<group>"; };
		6D16D6A71A08A921001D0939 /* PLDatabaseConnectionProvider.h */ = {isa = PBXFileReference; fileEncoding = 4; lastKnownFileType = sourcecode.c.h; path = PLDatabaseConnectionProvider.h; sourceTree = "<group>"; };
		6D16D6A81A08A921001D0939 /* PLDatabaseMigrationDelegate.h */ = {isa = PBXFileReference; fileEncoding = 4; lastKnownFileType = sourcecode.c.h; path = PLDatabaseMigrationDelegate.h; sourceTree = "<group>"; };
		6D16D6A91A08A921001D0939 /* PLDatabaseMigrationManager.h */ = {isa = PBXFileReference; fileEncoding = 4; lastKnownFileType = sourcecode.c.h; path = PLDatabaseMigrationManager.h; sourceTree = "<group>"; };
		6D16D6AA1A08A921001D0939 /* PLDatabaseMigrationManager.m */ = {isa = PBXFileReference; fileEncoding = 4; lastKnownFileType = sourcecode.c.objc; path = PLDatabaseMigrationManager.m; sourceTree = "<group>"; };
		6D16D6AB1A08A921001D0939 /* PLDatabaseMigrationTransactionManager.h */ = {isa = PBXFileReference; fileEncoding = 4; lastKnownFileType = sourcecode.c.h; path = PLDatabaseMigrationTransactionManager.h; sourceTree = "<group>"; };
		6D16D6AC1A08A921001D0939 /* PLDatabaseMigrationVersionManager.h */ = {isa = PBXFileReference; fileEncoding = 4; lastKnownFileType = sourcecode.c.h; path = PLDatabaseMigrationVersionManager.h; sourceTree = "<group>"; };
		6D16D6AD1A08A921001D0939 /* PLPreparedStatement.h */ = {isa = PBXFileReference; fileEncoding = 4; lastKnownFileType = sourcecode.c.h; path = PLPreparedStatement.h; sourceTree = "<group>"; };
		6D16D6AE1A08A921001D0939 /* PLResultSet.h */ = {isa = PBXFileReference; fileEncoding = 4; lastKnownFileType = sourcecode.c.h; path = PLResultSet.h; sourceTree = "<group>"; };
		6D16D6AF1A08A921001D0939 /* PLSqliteConnectionProvider.h */ = {isa = PBXFileReference; fileEncoding = 4; lastKnownFileType = sourcecode.c.h; path = PLSqliteConnectionProvider.h; sourceTree = "<group>"; };
		6D16D6B01A08A921001D0939 /* PLSqliteConnectionProvider.m */ = {isa = PBXFileReference; fileEncoding = 4; lastKnownFileType = sourcecode.c.objc; path = PLSqliteConnectionProvider.m; sourceTree = "<group>"; };
		6D16D6B11A08A921001D0939 /* PLSqliteDatabase.h */ = {isa = PBXFileReference; fileEncoding = 4; lastKnownFileType = sourcecode.c.h; path = PLSqliteDatabase.h; sourceTree = "<group>"; };
		6D16D6B21A08A921001D0939 /* PLSqliteDatabase.m */ = {isa = PBXFileReference; fileEncoding = 4; lastKnownFileType = sourcecode.c.objc; path = PLSqliteDatabase.m; sourceTree = "<group>"; };
		6D16D6B31A08A921001D0939 /* PLSqliteMigrationVersionManager.h */ = {isa = PBXFileReference; fileEncoding = 4; lastKnownFileType = sourcecode.c.h; path = PLSqliteMigrationVersionManager.h; sourceTree = "<group>"; };
		6D16D6B41A08A921001D0939 /* PLSqliteMigrationVersionManager.m */ = {isa = PBXFileReference; fileEncoding = 4; lastKnownFileType = sourcecode.c.objc; path = PLSqliteMigrationVersionManager.m; sourceTree = "<group>"; };
		6D16D6B51A08A921001D0939 /* PLSqlitePreparedStatement.h */ = {isa = PBXFileReference; fileEncoding = 4; lastKnownFileType = sourcecode.c.h; path = PLSqlitePreparedStatement.h; sourceTree = "<group>"; };
		6D16D6B61A08A921001D0939 /* PLSqlitePreparedStatement.m */ = {isa = PBXFileReference; fileEncoding = 4; lastKnownFileType = sourcecode.c.objc; path = PLSqlitePreparedStatement.m; sourceTree = "<group>"; };
		6D16D6B71A08A921001D0939 /* PLSqliteResultSet.h */ = {isa = PBXFileReference; fileEncoding = 4; lastKnownFileType = sourcecode.c.h; path = PLSqliteResultSet.h; sourceTree = "<group>"; };
		6D16D6B81A08A921001D0939 /* PLSqliteResultSet.m */ = {isa = PBXFileReference; fileEncoding = 4; lastKnownFileType = sourcecode.c.objc; path = PLSqliteResultSet.m; sourceTree = "<group>"; };
		6D16D6CD1A08A980001D0939 /* MMGlobalData.h */ = {isa = PBXFileReference; fileEncoding = 4; lastKnownFileType = sourcecode.c.h; path = MMGlobalData.h; sourceTree = "<group>"; };
		6D16D6CE1A08A980001D0939 /* MMGlobalData.m */ = {isa = PBXFileReference; fileEncoding = 4; lastKnownFileType = sourcecode.c.objc; path = MMGlobalData.m; sourceTree = "<group>"; };
		6D16D6CF1A08A980001D0939 /* MMGlobalDefine.h */ = {isa = PBXFileReference; fileEncoding = 4; lastKnownFileType = sourcecode.c.h; path = MMGlobalDefine.h; sourceTree = "<group>"; };
		6D16D6D11A08A995001D0939 /* MMLogger.h */ = {isa = PBXFileReference; fileEncoding = 4; lastKnownFileType = sourcecode.c.h; path = MMLogger.h; sourceTree = "<group>"; };
		6D16D6D21A08A995001D0939 /* MMLogger.m */ = {isa = PBXFileReference; fileEncoding = 4; lastKnownFileType = sourcecode.c.objc; path = MMLogger.m; sourceTree = "<group>"; };
		6D16D6D41A08A9AE001D0939 /* MMGlobalPara.h */ = {isa = PBXFileReference; fileEncoding = 4; lastKnownFileType = sourcecode.c.h; path = MMGlobalPara.h; sourceTree = "<group>"; };
		6D16D6D51A08A9AE001D0939 /* MMGlobalPara.m */ = {isa = PBXFileReference; fileEncoding = 4; lastKnownFileType = sourcecode.c.objc; path = MMGlobalPara.m; sourceTree = "<group>"; };
		6D16D6DB1A08AA5B001D0939 /* RegexKitLite.h */ = {isa = PBXFileReference; fileEncoding = 4; lastKnownFileType = sourcecode.c.h; path = RegexKitLite.h; sourceTree = "<group>"; };
		6D16D6DC1A08AA5B001D0939 /* RegexKitLite.m */ = {isa = PBXFileReference; fileEncoding = 4; lastKnownFileType = sourcecode.c.objc; path = RegexKitLite.m; sourceTree = "<group>"; };
		6D16D6DE1A08AAB3001D0939 /* MMCommonAPI.h */ = {isa = PBXFileReference; fileEncoding = 4; lastKnownFileType = sourcecode.c.h; path = MMCommonAPI.h; sourceTree = "<group>"; };
		6D16D6DF1A08AAB3001D0939 /* MMCommonAPI.m */ = {isa = PBXFileReference; fileEncoding = 4; lastKnownFileType = sourcecode.c.objc; path = MMCommonAPI.m; sourceTree = "<group>"; };
		6D16D6E21A08AADC001D0939 /* Reachability.h */ = {isa = PBXFileReference; fileEncoding = 4; lastKnownFileType = sourcecode.c.h; path = Reachability.h; sourceTree = "<group>"; };
		6D16D6E31A08AADC001D0939 /* Reachability.m */ = {isa = PBXFileReference; fileEncoding = 4; lastKnownFileType = sourcecode.c.objc; path = Reachability.m; sourceTree = "<group>"; };
		6D16D6F11A08AB31001D0939 /* MMServerContactManager.h */ = {isa = PBXFileReference; fileEncoding = 4; lastKnownFileType = sourcecode.c.h; path = MMServerContactManager.h; sourceTree = "<group>"; };
		6D16D6F21A08AB31001D0939 /* MMServerContactManager.m */ = {isa = PBXFileReference; fileEncoding = 4; lastKnownFileType = sourcecode.c.objc; path = MMServerContactManager.m; sourceTree = "<group>"; };
		6D16D6F31A08AB31001D0939 /* MMUapRequest.h */ = {isa = PBXFileReference; fileEncoding = 4; lastKnownFileType = sourcecode.c.h; path = MMUapRequest.h; sourceTree = "<group>"; };
		6D16D6F41A08AB31001D0939 /* MMUapRequest.m */ = {isa = PBXFileReference; fileEncoding = 4; lastKnownFileType = sourcecode.c.objc; path = MMUapRequest.m; sourceTree = "<group>"; };
		6D16D6F61A08AB31001D0939 /* oauth.c */ = {isa = PBXFileReference; fileEncoding = 4; lastKnownFileType = sourcecode.c.c; path = oauth.c; sourceTree = "<group>"; };
		6D16D6F71A08AB31001D0939 /* oauth.h */ = {isa = PBXFileReference; fileEncoding = 4; lastKnownFileType = sourcecode.c.h; path = oauth.h; sourceTree = "<group>"; };
		6D16D6FF1A08AB67001D0939 /* hmac.c */ = {isa = PBXFileReference; fileEncoding = 4; lastKnownFileType = sourcecode.c.c; path = hmac.c; sourceTree = "<group>"; };
		6D16D7001A08AB67001D0939 /* hmac.h */ = {isa = PBXFileReference; fileEncoding = 4; lastKnownFileType = sourcecode.c.h; path = hmac.h; sourceTree = "<group>"; };
		6D16D7011A08AB67001D0939 /* md5.c */ = {isa = PBXFileReference; fileEncoding = 4; lastKnownFileType = sourcecode.c.c; path = md5.c; sourceTree = "<group>"; };
		6D16D7021A08AB67001D0939 /* md5.h */ = {isa = PBXFileReference; fileEncoding = 4; lastKnownFileType = sourcecode.c.h; path = md5.h; sourceTree = "<group>"; };
		6D16D7051A08AB7B001D0939 /* hashinternal.h */ = {isa = PBXFileReference; lastKnownFileType = sourcecode.c.h; path = hashinternal.h; sourceTree = "<group>"; };
		6D16D7061A08ABD4001D0939 /* sha.c */ = {isa = PBXFileReference; fileEncoding = 4; lastKnownFileType = sourcecode.c.c; path = sha.c; sourceTree = "<group>"; };
		6D16D7071A08ABD4001D0939 /* sha.h */ = {isa = PBXFileReference; fileEncoding = 4; lastKnownFileType = sourcecode.c.h; path = sha.h; sourceTree = "<group>"; };
		6D16D70A1A08AC01001D0939 /* ASIAuthenticationDialog.h */ = {isa = PBXFileReference; fileEncoding = 4; lastKnownFileType = sourcecode.c.h; path = ASIAuthenticationDialog.h; sourceTree = "<group>"; };
		6D16D70B1A08AC01001D0939 /* ASIAuthenticationDialog.m */ = {isa = PBXFileReference; fileEncoding = 4; lastKnownFileType = sourcecode.c.objc; path = ASIAuthenticationDialog.m; sourceTree = "<group>"; };
		6D16D70C1A08AC01001D0939 /* ASICacheDelegate.h */ = {isa = PBXFileReference; fileEncoding = 4; lastKnownFileType = sourcecode.c.h; path = ASICacheDelegate.h; sourceTree = "<group>"; };
		6D16D70D1A08AC01001D0939 /* ASIDataCompressor.h */ = {isa = PBXFileReference; fileEncoding = 4; lastKnownFileType = sourcecode.c.h; path = ASIDataCompressor.h; sourceTree = "<group>"; };
		6D16D70E1A08AC01001D0939 /* ASIDataCompressor.m */ = {isa = PBXFileReference; fileEncoding = 4; lastKnownFileType = sourcecode.c.objc; path = ASIDataCompressor.m; sourceTree = "<group>"; };
		6D16D70F1A08AC01001D0939 /* ASIDataDecompressor.h */ = {isa = PBXFileReference; fileEncoding = 4; lastKnownFileType = sourcecode.c.h; path = ASIDataDecompressor.h; sourceTree = "<group>"; };
		6D16D7101A08AC01001D0939 /* ASIDataDecompressor.m */ = {isa = PBXFileReference; fileEncoding = 4; lastKnownFileType = sourcecode.c.objc; path = ASIDataDecompressor.m; sourceTree = "<group>"; };
		6D16D7111A08AC01001D0939 /* ASIDownloadCache.h */ = {isa = PBXFileReference; fileEncoding = 4; lastKnownFileType = sourcecode.c.h; path = ASIDownloadCache.h; sourceTree = "<group>"; };
		6D16D7121A08AC01001D0939 /* ASIDownloadCache.m */ = {isa = PBXFileReference; fileEncoding = 4; lastKnownFileType = sourcecode.c.objc; path = ASIDownloadCache.m; sourceTree = "<group>"; };
		6D16D7131A08AC01001D0939 /* ASIFormDataRequest.h */ = {isa = PBXFileReference; fileEncoding = 4; lastKnownFileType = sourcecode.c.h; path = ASIFormDataRequest.h; sourceTree = "<group>"; };
		6D16D7141A08AC01001D0939 /* ASIFormDataRequest.m */ = {isa = PBXFileReference; fileEncoding = 4; lastKnownFileType = sourcecode.c.objc; path = ASIFormDataRequest.m; sourceTree = "<group>"; };
		6D16D7151A08AC01001D0939 /* ASIHTTPRequest.h */ = {isa = PBXFileReference; fileEncoding = 4; lastKnownFileType = sourcecode.c.h; path = ASIHTTPRequest.h; sourceTree = "<group>"; };
		6D16D7161A08AC01001D0939 /* ASIHTTPRequest.m */ = {isa = PBXFileReference; fileEncoding = 4; lastKnownFileType = sourcecode.c.objc; path = ASIHTTPRequest.m; sourceTree = "<group>"; };
		6D16D7171A08AC01001D0939 /* ASIHTTPRequestConfig.h */ = {isa = PBXFileReference; fileEncoding = 4; lastKnownFileType = sourcecode.c.h; path = ASIHTTPRequestConfig.h; sourceTree = "<group>"; };
		6D16D7181A08AC01001D0939 /* ASIHTTPRequestDelegate.h */ = {isa = PBXFileReference; fileEncoding = 4; lastKnownFileType = sourcecode.c.h; path = ASIHTTPRequestDelegate.h; sourceTree = "<group>"; };
		6D16D7191A08AC01001D0939 /* ASIInputStream.h */ = {isa = PBXFileReference; fileEncoding = 4; lastKnownFileType = sourcecode.c.h; path = ASIInputStream.h; sourceTree = "<group>"; };
		6D16D71A1A08AC01001D0939 /* ASIInputStream.m */ = {isa = PBXFileReference; fileEncoding = 4; lastKnownFileType = sourcecode.c.objc; path = ASIInputStream.m; sourceTree = "<group>"; };
		6D16D71B1A08AC01001D0939 /* ASINetworkQueue.h */ = {isa = PBXFileReference; fileEncoding = 4; lastKnownFileType = sourcecode.c.h; path = ASINetworkQueue.h; sourceTree = "<group>"; };
		6D16D71C1A08AC01001D0939 /* ASINetworkQueue.m */ = {isa = PBXFileReference; fileEncoding = 4; lastKnownFileType = sourcecode.c.objc; path = ASINetworkQueue.m; sourceTree = "<group>"; };
		6D16D71D1A08AC01001D0939 /* ASIProgressDelegate.h */ = {isa = PBXFileReference; fileEncoding = 4; lastKnownFileType = sourcecode.c.h; path = ASIProgressDelegate.h; sourceTree = "<group>"; };
		6D16D7261A08AC1B001D0939 /* MMThread.h */ = {isa = PBXFileReference; fileEncoding = 4; lastKnownFileType = sourcecode.c.h; path = MMThread.h; sourceTree = "<group>"; };
		6D16D7271A08AC1B001D0939 /* MMThread.m */ = {isa = PBXFileReference; fileEncoding = 4; lastKnownFileType = sourcecode.c.objc; path = MMThread.m; sourceTree = "<group>"; };
		6D16D7A31A08AEA6001D0939 /* DefineDictionary.h */ = {isa = PBXFileReference; lastKnownFileType = sourcecode.c.h; path = DefineDictionary.h; sourceTree = "<group>"; };
		6D16D7A81A08AFF0001D0939 /* libsqlite3.0.dylib */ = {isa = PBXFileReference; lastKnownFileType = "compiled.mach-o.dylib"; name = libsqlite3.0.dylib; path = usr/lib/libsqlite3.0.dylib; sourceTree = SDKROOT; };
		6D16D7AA1A08AFFB001D0939 /* libz.dylib */ = {isa = PBXFileReference; lastKnownFileType = "compiled.mach-o.dylib"; name = libz.dylib; path = usr/lib/libz.dylib; sourceTree = SDKROOT; };
		6D16D7AC1A08B003001D0939 /* libsqlite3.dylib */ = {isa = PBXFileReference; lastKnownFileType = "compiled.mach-o.dylib"; name = libsqlite3.dylib; path = usr/lib/libsqlite3.dylib; sourceTree = SDKROOT; };
		6D16D7AE1A08B287001D0939 /* MMContactSync.h */ = {isa = PBXFileReference; fileEncoding = 4; lastKnownFileType = sourcecode.c.h; path = MMContactSync.h; sourceTree = "<group>"; };
		6D16D7AF1A08B287001D0939 /* MMContactSync.m */ = {isa = PBXFileReference; fileEncoding = 4; lastKnownFileType = sourcecode.c.objc; path = MMContactSync.m; sourceTree = "<group>"; };
		6D16D7B01A08B287001D0939 /* MMSyncContact.m */ = {isa = PBXFileReference; fileEncoding = 4; lastKnownFileType = sourcecode.c.objc; path = MMSyncContact.m; sourceTree = "<group>"; };
		6D16D7B11A08B287001D0939 /* MMSyncThread.h */ = {isa = PBXFileReference; fileEncoding = 4; lastKnownFileType = sourcecode.c.h; path = MMSyncThread.h; sourceTree = "<group>"; };
		6D16D7B21A08B287001D0939 /* MMSyncThread.m */ = {isa = PBXFileReference; fileEncoding = 4; lastKnownFileType = sourcecode.c.objc; path = MMSyncThread.m; sourceTree = "<group>"; };
		6D16D7B61A08C228001D0939 /* momo.db */ = {isa = PBXFileReference; lastKnownFileType = file; path = momo.db; sourceTree = "<group>"; };
		6D16D7B91A08EFA0001D0939 /* GTMBase64.h */ = {isa = PBXFileReference; fileEncoding = 4; lastKnownFileType = sourcecode.c.h; path = GTMBase64.h; sourceTree = "<group>"; };
		6D16D7BA1A08EFA0001D0939 /* GTMBase64.m */ = {isa = PBXFileReference; fileEncoding = 4; lastKnownFileType = sourcecode.c.objc; path = GTMBase64.m; sourceTree = "<group>"; };
		6D16D7BB1A08EFA0001D0939 /* GTMDefines.h */ = {isa = PBXFileReference; fileEncoding = 4; lastKnownFileType = sourcecode.c.h; path = GTMDefines.h; sourceTree = "<group>"; };
		6D16D7C71A0B86D1001D0939 /* MBProgressHUD.h */ = {isa = PBXFileReference; fileEncoding = 4; lastKnownFileType = sourcecode.c.h; path = MBProgressHUD.h; sourceTree = "<group>"; };
		6D16D7C81A0B86D1001D0939 /* MBProgressHUD.m */ = {isa = PBXFileReference; fileEncoding = 4; lastKnownFileType = sourcecode.c.objc; path = MBProgressHUD.m; sourceTree = "<group>"; };
		6D16D7CA1A0B86E6001D0939 /* TAHttpOperation.h */ = {isa = PBXFileReference; fileEncoding = 4; lastKnownFileType = sourcecode.c.h; path = TAHttpOperation.h; sourceTree = "<group>"; };
		6D16D7CB1A0B86E6001D0939 /* TAHttpOperation.m */ = {isa = PBXFileReference; fileEncoding = 4; lastKnownFileType = sourcecode.c.objc; path = TAHttpOperation.m; sourceTree = "<group>"; };
		6D16D7CD1A0B86F5001D0939 /* APIRequest.h */ = {isa = PBXFileReference; fileEncoding = 4; lastKnownFileType = sourcecode.c.h; path = APIRequest.h; sourceTree = "<group>"; };
		6D16D7CE1A0B86F5001D0939 /* APIRequest.m */ = {isa = PBXFileReference; fileEncoding = 4; lastKnownFileType = sourcecode.c.objc; path = APIRequest.m; sourceTree = "<group>"; };
		6D16D7D51A0C702B001D0939 /* Token.h */ = {isa = PBXFileReference; fileEncoding = 4; lastKnownFileType = sourcecode.c.h; path = Token.h; sourceTree = "<group>"; };
		6D16D7D61A0C702B001D0939 /* Token.m */ = {isa = PBXFileReference; fileEncoding = 4; lastKnownFileType = sourcecode.c.objc; path = Token.m; sourceTree = "<group>"; };
/* End PBXFileReference section */

/* Begin PBXFrameworksBuildPhase section */
		6D16D5EA1A08A36A001D0939 /* Frameworks */ = {
			isa = PBXFrameworksBuildPhase;
			buildActionMask = 2147483647;
			files = (
				6D16D7AD1A08B003001D0939 /* libsqlite3.dylib in Frameworks */,
				6D16D7AB1A08AFFB001D0939 /* libz.dylib in Frameworks */,
				6D16D5F31A08A36A001D0939 /* CoreGraphics.framework in Frameworks */,
				6D16D5F51A08A36A001D0939 /* UIKit.framework in Frameworks */,
				6D16D5F11A08A36A001D0939 /* Foundation.framework in Frameworks */,
			);
			runOnlyForDeploymentPostprocessing = 0;
		};
		6D16D60B1A08A36A001D0939 /* Frameworks */ = {
			isa = PBXFrameworksBuildPhase;
			buildActionMask = 2147483647;
			files = (
				6D16D6101A08A36A001D0939 /* XCTest.framework in Frameworks */,
				6D16D6121A08A36A001D0939 /* UIKit.framework in Frameworks */,
				6D16D6111A08A36A001D0939 /* Foundation.framework in Frameworks */,
			);
			runOnlyForDeploymentPostprocessing = 0;
		};
/* End PBXFrameworksBuildPhase section */

/* Begin PBXGroup section */
		1D2520681A18CEAC0056B8A2 /* SVProgressHUD */ = {
			isa = PBXGroup;
			children = (
				1D2520691A18CEAC0056B8A2 /* SVProgressHUD-Prefix.pch */,
				1D25206A1A18CEAC0056B8A2 /* SVProgressHUD.bundle */,
				1D25206B1A18CEAC0056B8A2 /* SVProgressHUD.h */,
				1D25206C1A18CEAC0056B8A2 /* SVProgressHUD.m */,
			);
			path = SVProgressHUD;
			sourceTree = "<group>";
		};
		1D3673781A159CC0006D0E96 /* Controllers */ = {
			isa = PBXGroup;
			children = (
				1D3673A31A159EDD006D0E96 /* AskPhoneNumberViewController.h */,
				1D3673A41A159EDD006D0E96 /* AskPhoneNumberViewController.m */,
				1D3673A51A159EDD006D0E96 /* AskPhoneNumberViewController.xib */,
				1D3673A91A159EDD006D0E96 /* MainViewController.h */,
				1D3673AA1A159EDD006D0E96 /* MainViewController.m */,
				1D3673AB1A159EDD006D0E96 /* MainViewController.xib */,
				1D3673791A159CC0006D0E96 /* NGViewController.h */,
				1D36737A1A159CC0006D0E96 /* NGViewController.m */,
				1D2520651A18CCB00056B8A2 /* LoginViewController.h */,
				1D2520661A18CCB00056B8A2 /* LoginViewController.m */,
				1D2520771A18DAA30056B8A2 /* LoginCheckVController.h */,
				1D2520781A18DAA30056B8A2 /* LoginCheckVController.m */,
				1D25207A1A18E50A0056B8A2 /* MainSynVController.h */,
				1D25207B1A18E50A0056B8A2 /* MainSynVController.m */,
			);
			path = Controllers;
			sourceTree = "<group>";
		};
		1D3673801A159E89006D0E96 /* Categories */ = {
			isa = PBXGroup;
			children = (
				1D3673811A159E89006D0E96 /* NGAddtions.h */,
				1D3673821A159E89006D0E96 /* NSArray+NGAdditions.h */,
				1D3673831A159E89006D0E96 /* NSArray+NGAdditions.m */,
				1D3673841A159E89006D0E96 /* NSData+NGAdditions.h */,
				1D3673851A159E89006D0E96 /* NSData+NGAdditions.m */,
				1D3673861A159E89006D0E96 /* NSDate+NGAdditions.h */,
				1D3673871A159E89006D0E96 /* NSDate+NGAdditions.m */,
				1D3673881A159E89006D0E96 /* NSDictionary+NGAdditions.h */,
				1D3673891A159E89006D0E96 /* NSDictionary+NGAdditions.m */,
				1D36738A1A159E89006D0E96 /* NSJSONSerialization+NGAdditions.h */,
				1D36738B1A159E89006D0E96 /* NSJSONSerialization+NGAdditions.m */,
				1D36738C1A159E89006D0E96 /* NSString+NGAdditions.h */,
				1D36738D1A159E89006D0E96 /* NSString+NGAdditions.m */,
				1D36738E1A159E89006D0E96 /* UIButton+NGAdditions.h */,
				1D36738F1A159E89006D0E96 /* UIButton+NGAdditions.m */,
				1D3673901A159E89006D0E96 /* UIImage+NGAdditions.h */,
				1D3673911A159E89006D0E96 /* UIImage+NGAdditions.m */,
				1D3673921A159E89006D0E96 /* UINavigationController+NGAdditions.h */,
				1D3673931A159E89006D0E96 /* UINavigationController+NGAdditions.m */,
				1D3673941A159E89006D0E96 /* UITableView+NGAdditions.h */,
				1D3673951A159E89006D0E96 /* UITableView+NGAdditions.m */,
				1D3673961A159E89006D0E96 /* UIView+NGAdditions.h */,
				1D3673971A159E89006D0E96 /* UIView+NGAdditions.m */,
			);
			path = Categories;
			sourceTree = "<group>";
		};
		1D6E8B651A1248DB009664CE /* Resource */ = {
			isa = PBXGroup;
			children = (
				1D6E8B661A1248DB009664CE /* NGImage */,
			);
			path = Resource;
			sourceTree = "<group>";
		};
		1D6E8B661A1248DB009664CE /* NGImage */ = {
			isa = PBXGroup;
			children = (
				1D419BF51A198DE6002A1CAE /* xingji.png */,
				1D25207D1A18E71D0056B8A2 /* local.png */,
				1D25207E1A18E71D0056B8A2 /* local@2x.png */,
				1D25207F1A18E71D0056B8A2 /* local@3x.png */,
				1D2520801A18E71D0056B8A2 /* service.png */,
				1D2520811A18E71D0056B8A2 /* service@2x.png */,
				1D2520821A18E71D0056B8A2 /* service@3x.png */,
				1D25206F1A18D3D50056B8A2 /* btn_disable@2x.png */,
				1D2520701A18D3D50056B8A2 /* btn_green_press@2x.png */,
				1D2520711A18D3D50056B8A2 /* btn_green@2x.png */,
				1D2520721A18D3D50056B8A2 /* btn_grey@2x.png */,
				1D36737C1A159D16006D0E96 /* nav_back_press@2x.png */,
				1D36737D1A159D16006D0E96 /* nav_back@2x.png */,
				1D6E8B671A1248DB009664CE /* syn@2x.png */,
			);
			path = NGImage;
			sourceTree = "<group>";
		};
		6D16D5E41A08A36A001D0939 = {
			isa = PBXGroup;
			children = (
				1D2520891A1986980056B8A2 /* Default-568h@2x.png */,
				1DF778251A1235E7007059F5 /* icon_58.png */,
				1DF778231A123545007059F5 /* icon_80.png */,
				1DF778221A12346B007059F5 /* icon_120.png */,
				6D16D5F61A08A36A001D0939 /* contact */,
				6D16D6151A08A36A001D0939 /* contactTests */,
				6D16D5EF1A08A36A001D0939 /* Frameworks */,
				6D16D5EE1A08A36A001D0939 /* Products */,
			);
			sourceTree = "<group>";
		};
		6D16D5EE1A08A36A001D0939 /* Products */ = {
			isa = PBXGroup;
			children = (
				6D16D5ED1A08A36A001D0939 /* contact.app */,
				6D16D60E1A08A36A001D0939 /* contactTests.xctest */,
			);
			name = Products;
			sourceTree = "<group>";
		};
		6D16D5EF1A08A36A001D0939 /* Frameworks */ = {
			isa = PBXGroup;
			children = (
				6D16D7AC1A08B003001D0939 /* libsqlite3.dylib */,
				6D16D7AA1A08AFFB001D0939 /* libz.dylib */,
				6D16D7A81A08AFF0001D0939 /* libsqlite3.0.dylib */,
				6D16D5F01A08A36A001D0939 /* Foundation.framework */,
				6D16D5F21A08A36A001D0939 /* CoreGraphics.framework */,
				6D16D5F41A08A36A001D0939 /* UIKit.framework */,
				6D16D60F1A08A36A001D0939 /* XCTest.framework */,
			);
			name = Frameworks;
			sourceTree = "<group>";
		};
		6D16D5F61A08A36A001D0939 /* contact */ = {
			isa = PBXGroup;
			children = (
				1D3673801A159E89006D0E96 /* Categories */,
				1D3673781A159CC0006D0E96 /* Controllers */,
				1D6E8B651A1248DB009664CE /* Resource */,
				6D16D6E81A08AB31001D0939 /* Uap */,
				6D16D6861A08A921001D0939 /* third-party */,
				6D16D62E1A08A6BB001D0939 /* Model */,
				6D16D6251A08A57B001D0939 /* Sync */,
				6D16D5FF1A08A36A001D0939 /* AppDelegate.h */,
				6D16D6001A08A36A001D0939 /* AppDelegate.m */,
				1D6E8B731A124CCF009664CE /* Images-2.xcassets */,
				6D16D5F71A08A36A001D0939 /* Supporting Files */,
			);
			path = contact;
			sourceTree = "<group>";
		};
		6D16D5F71A08A36A001D0939 /* Supporting Files */ = {
			isa = PBXGroup;
			children = (
				6D16D7B61A08C228001D0939 /* momo.db */,
				6D16D5F81A08A36A001D0939 /* contact-Info.plist */,
				6D16D5F91A08A36A001D0939 /* InfoPlist.strings */,
				6D16D5FC1A08A36A001D0939 /* main.m */,
				6D16D5FE1A08A36A001D0939 /* contact-Prefix.pch */,
			);
			name = "Supporting Files";
			sourceTree = "<group>";
		};
		6D16D6151A08A36A001D0939 /* contactTests */ = {
			isa = PBXGroup;
			children = (
				6D16D61B1A08A36A001D0939 /* contactTests.m */,
				6D16D6161A08A36A001D0939 /* Supporting Files */,
			);
			path = contactTests;
			sourceTree = "<group>";
		};
		6D16D6161A08A36A001D0939 /* Supporting Files */ = {
			isa = PBXGroup;
			children = (
				6D16D6171A08A36A001D0939 /* contactTests-Info.plist */,
				6D16D6181A08A36A001D0939 /* InfoPlist.strings */,
			);
			name = "Supporting Files";
			sourceTree = "<group>";
		};
		6D16D6251A08A57B001D0939 /* Sync */ = {
			isa = PBXGroup;
			children = (
				6D16D7AE1A08B287001D0939 /* MMContactSync.h */,
				6D16D7AF1A08B287001D0939 /* MMContactSync.m */,
				6D16D7B01A08B287001D0939 /* MMSyncContact.m */,
				6D16D7B11A08B287001D0939 /* MMSyncThread.h */,
				6D16D7B21A08B287001D0939 /* MMSyncThread.m */,
			);
			path = Sync;
			sourceTree = "<group>";
		};
		6D16D62E1A08A6BB001D0939 /* Model */ = {
			isa = PBXGroup;
			children = (
				6D16D7D51A0C702B001D0939 /* Token.h */,
				6D16D7D61A0C702B001D0939 /* Token.m */,
				6D16D7A31A08AEA6001D0939 /* DefineDictionary.h */,
				6D16D7261A08AC1B001D0939 /* MMThread.h */,
				6D16D7271A08AC1B001D0939 /* MMThread.m */,
				6D16D6DE1A08AAB3001D0939 /* MMCommonAPI.h */,
				6D16D6DF1A08AAB3001D0939 /* MMCommonAPI.m */,
				6D16D6D41A08A9AE001D0939 /* MMGlobalPara.h */,
				6D16D6D51A08A9AE001D0939 /* MMGlobalPara.m */,
				6D16D6CD1A08A980001D0939 /* MMGlobalData.h */,
				6D16D6CE1A08A980001D0939 /* MMGlobalData.m */,
				6D16D6D11A08A995001D0939 /* MMLogger.h */,
				6D16D6D21A08A995001D0939 /* MMLogger.m */,
				6D16D6CF1A08A980001D0939 /* MMGlobalDefine.h */,
				6D16D62F1A08A6BB001D0939 /* DbStruct.h */,
				6D16D6301A08A6BB001D0939 /* DbStruct.m */,
				6D16D6581A08A799001D0939 /* DefineEnum.h */,
				6D16D6591A08A799001D0939 /* ErrorType.h */,
				6D16D6311A08A6BB001D0939 /* MMAddressBook.h */,
				6D16D6321A08A6BB001D0939 /* MMAddressBook.m */,
				6D16D6351A08A6BB001D0939 /* MMModel.h */,
				6D16D6361A08A6BB001D0939 /* MMModel.m */,
			);
			path = Model;
			sourceTree = "<group>";
		};
		6D16D6861A08A921001D0939 /* third-party */ = {
			isa = PBXGroup;
			children = (
				1D2520681A18CEAC0056B8A2 /* SVProgressHUD */,
				6D16D7CA1A0B86E6001D0939 /* TAHttpOperation.h */,
				6D16D7CB1A0B86E6001D0939 /* TAHttpOperation.m */,
				6D16D7C71A0B86D1001D0939 /* MBProgressHUD.h */,
				6D16D7C81A0B86D1001D0939 /* MBProgressHUD.m */,
				6D16D7B81A08EFA0001D0939 /* base64 */,
				6D16D7091A08AC01001D0939 /* ASIHTTPRequest */,
				6D16D7061A08ABD4001D0939 /* sha.c */,
				6D16D7071A08ABD4001D0939 /* sha.h */,
				6D16D7051A08AB7B001D0939 /* hashinternal.h */,
				6D16D6FF1A08AB67001D0939 /* hmac.c */,
				6D16D7001A08AB67001D0939 /* hmac.h */,
				6D16D7011A08AB67001D0939 /* md5.c */,
				6D16D7021A08AB67001D0939 /* md5.h */,
				6D16D6E11A08AADC001D0939 /* Reachability */,
				6D16D6DA1A08AA5B001D0939 /* regex */,
				6D16D6871A08A921001D0939 /* json-framework */,
				6D16D6A31A08A921001D0939 /* PLDatabase */,
			);
			path = "third-party";
			sourceTree = "<group>";
		};
		6D16D6871A08A921001D0939 /* json-framework */ = {
			isa = PBXGroup;
			children = (
				6D16D6881A08A921001D0939 /* JSON.h */,
				6D16D6891A08A921001D0939 /* NSObject+SBJson.h */,
				6D16D68A1A08A921001D0939 /* NSObject+SBJson.m */,
				6D16D68B1A08A921001D0939 /* SBJson.h */,
				6D16D68C1A08A921001D0939 /* SBJson.m */,
				6D16D68D1A08A921001D0939 /* SBJsonParser.h */,
				6D16D68E1A08A921001D0939 /* SBJsonParser.m */,
				6D16D68F1A08A921001D0939 /* SBJsonStreamParser.h */,
				6D16D6901A08A921001D0939 /* SBJsonStreamParser.m */,
				6D16D6911A08A921001D0939 /* SBJsonStreamParserAccumulator.h */,
				6D16D6921A08A921001D0939 /* SBJsonStreamParserAccumulator.m */,
				6D16D6931A08A921001D0939 /* SBJsonStreamParserAdapter.h */,
				6D16D6941A08A921001D0939 /* SBJsonStreamParserAdapter.m */,
				6D16D6951A08A921001D0939 /* SBJsonStreamParserState.h */,
				6D16D6961A08A921001D0939 /* SBJsonStreamParserState.m */,
				6D16D6971A08A921001D0939 /* SBJsonStreamWriter.h */,
				6D16D6981A08A921001D0939 /* SBJsonStreamWriter.m */,
				6D16D6991A08A921001D0939 /* SBJsonStreamWriterAccumulator.h */,
				6D16D69A1A08A921001D0939 /* SBJsonStreamWriterAccumulator.m */,
				6D16D69B1A08A921001D0939 /* SBJsonStreamWriterState.h */,
				6D16D69C1A08A921001D0939 /* SBJsonStreamWriterState.m */,
				6D16D69D1A08A921001D0939 /* SBJsonTokeniser.h */,
				6D16D69E1A08A921001D0939 /* SBJsonTokeniser.m */,
				6D16D69F1A08A921001D0939 /* SBJsonUTF8Stream.h */,
				6D16D6A01A08A921001D0939 /* SBJsonUTF8Stream.m */,
				6D16D6A11A08A921001D0939 /* SBJsonWriter.h */,
				6D16D6A21A08A921001D0939 /* SBJsonWriter.m */,
			);
			path = "json-framework";
			sourceTree = "<group>";
		};
		6D16D6A31A08A921001D0939 /* PLDatabase */ = {
			isa = PBXGroup;
			children = (
				6D16D6A41A08A921001D0939 /* PlausibleDatabase.h */,
				6D16D6A51A08A921001D0939 /* PlausibleDatabase.m */,
				6D16D6A61A08A921001D0939 /* PLDatabase.h */,
				6D16D6A71A08A921001D0939 /* PLDatabaseConnectionProvider.h */,
				6D16D6A81A08A921001D0939 /* PLDatabaseMigrationDelegate.h */,
				6D16D6A91A08A921001D0939 /* PLDatabaseMigrationManager.h */,
				6D16D6AA1A08A921001D0939 /* PLDatabaseMigrationManager.m */,
				6D16D6AB1A08A921001D0939 /* PLDatabaseMigrationTransactionManager.h */,
				6D16D6AC1A08A921001D0939 /* PLDatabaseMigrationVersionManager.h */,
				6D16D6AD1A08A921001D0939 /* PLPreparedStatement.h */,
				6D16D6AE1A08A921001D0939 /* PLResultSet.h */,
				6D16D6AF1A08A921001D0939 /* PLSqliteConnectionProvider.h */,
				6D16D6B01A08A921001D0939 /* PLSqliteConnectionProvider.m */,
				6D16D6B11A08A921001D0939 /* PLSqliteDatabase.h */,
				6D16D6B21A08A921001D0939 /* PLSqliteDatabase.m */,
				6D16D6B31A08A921001D0939 /* PLSqliteMigrationVersionManager.h */,
				6D16D6B41A08A921001D0939 /* PLSqliteMigrationVersionManager.m */,
				6D16D6B51A08A921001D0939 /* PLSqlitePreparedStatement.h */,
				6D16D6B61A08A921001D0939 /* PLSqlitePreparedStatement.m */,
				6D16D6B71A08A921001D0939 /* PLSqliteResultSet.h */,
				6D16D6B81A08A921001D0939 /* PLSqliteResultSet.m */,
			);
			path = PLDatabase;
			sourceTree = "<group>";
		};
		6D16D6DA1A08AA5B001D0939 /* regex */ = {
			isa = PBXGroup;
			children = (
				6D16D6DB1A08AA5B001D0939 /* RegexKitLite.h */,
				6D16D6DC1A08AA5B001D0939 /* RegexKitLite.m */,
			);
			path = regex;
			sourceTree = "<group>";
		};
		6D16D6E11A08AADC001D0939 /* Reachability */ = {
			isa = PBXGroup;
			children = (
				6D16D6E21A08AADC001D0939 /* Reachability.h */,
				6D16D6E31A08AADC001D0939 /* Reachability.m */,
			);
			path = Reachability;
			sourceTree = "<group>";
		};
		6D16D6E81A08AB31001D0939 /* Uap */ = {
			isa = PBXGroup;
			children = (
				6D16D7CD1A0B86F5001D0939 /* APIRequest.h */,
				6D16D7CE1A0B86F5001D0939 /* APIRequest.m */,
				6D16D6F11A08AB31001D0939 /* MMServerContactManager.h */,
				6D16D6F21A08AB31001D0939 /* MMServerContactManager.m */,
				6D16D6F31A08AB31001D0939 /* MMUapRequest.h */,
				6D16D6F41A08AB31001D0939 /* MMUapRequest.m */,
				6D16D6F61A08AB31001D0939 /* oauth.c */,
				6D16D6F71A08AB31001D0939 /* oauth.h */,
			);
			path = Uap;
			sourceTree = "<group>";
		};
		6D16D7091A08AC01001D0939 /* ASIHTTPRequest */ = {
			isa = PBXGroup;
			children = (
				6D16D70A1A08AC01001D0939 /* ASIAuthenticationDialog.h */,
				6D16D70B1A08AC01001D0939 /* ASIAuthenticationDialog.m */,
				6D16D70C1A08AC01001D0939 /* ASICacheDelegate.h */,
				6D16D70D1A08AC01001D0939 /* ASIDataCompressor.h */,
				6D16D70E1A08AC01001D0939 /* ASIDataCompressor.m */,
				6D16D70F1A08AC01001D0939 /* ASIDataDecompressor.h */,
				6D16D7101A08AC01001D0939 /* ASIDataDecompressor.m */,
				6D16D7111A08AC01001D0939 /* ASIDownloadCache.h */,
				6D16D7121A08AC01001D0939 /* ASIDownloadCache.m */,
				6D16D7131A08AC01001D0939 /* ASIFormDataRequest.h */,
				6D16D7141A08AC01001D0939 /* ASIFormDataRequest.m */,
				6D16D7151A08AC01001D0939 /* ASIHTTPRequest.h */,
				6D16D7161A08AC01001D0939 /* ASIHTTPRequest.m */,
				6D16D7171A08AC01001D0939 /* ASIHTTPRequestConfig.h */,
				6D16D7181A08AC01001D0939 /* ASIHTTPRequestDelegate.h */,
				6D16D7191A08AC01001D0939 /* ASIInputStream.h */,
				6D16D71A1A08AC01001D0939 /* ASIInputStream.m */,
				6D16D71B1A08AC01001D0939 /* ASINetworkQueue.h */,
				6D16D71C1A08AC01001D0939 /* ASINetworkQueue.m */,
				6D16D71D1A08AC01001D0939 /* ASIProgressDelegate.h */,
			);
			path = ASIHTTPRequest;
			sourceTree = "<group>";
		};
		6D16D7B81A08EFA0001D0939 /* base64 */ = {
			isa = PBXGroup;
			children = (
				6D16D7B91A08EFA0001D0939 /* GTMBase64.h */,
				6D16D7BA1A08EFA0001D0939 /* GTMBase64.m */,
				6D16D7BB1A08EFA0001D0939 /* GTMDefines.h */,
			);
			path = base64;
			sourceTree = "<group>";
		};
/* End PBXGroup section */

/* Begin PBXNativeTarget section */
		6D16D5EC1A08A36A001D0939 /* contact */ = {
			isa = PBXNativeTarget;
			buildConfigurationList = 6D16D61F1A08A36A001D0939 /* Build configuration list for PBXNativeTarget "contact" */;
			buildPhases = (
				6D16D5E91A08A36A001D0939 /* Sources */,
				6D16D5EA1A08A36A001D0939 /* Frameworks */,
				6D16D5EB1A08A36A001D0939 /* Resources */,
			);
			buildRules = (
			);
			dependencies = (
			);
			name = contact;
			productName = contact;
			productReference = 6D16D5ED1A08A36A001D0939 /* contact.app */;
			productType = "com.apple.product-type.application";
		};
		6D16D60D1A08A36A001D0939 /* contactTests */ = {
			isa = PBXNativeTarget;
			buildConfigurationList = 6D16D6221A08A36A001D0939 /* Build configuration list for PBXNativeTarget "contactTests" */;
			buildPhases = (
				6D16D60A1A08A36A001D0939 /* Sources */,
				6D16D60B1A08A36A001D0939 /* Frameworks */,
				6D16D60C1A08A36A001D0939 /* Resources */,
			);
			buildRules = (
			);
			dependencies = (
				6D16D6141A08A36A001D0939 /* PBXTargetDependency */,
			);
			name = contactTests;
			productName = contactTests;
			productReference = 6D16D60E1A08A36A001D0939 /* contactTests.xctest */;
			productType = "com.apple.product-type.bundle.unit-test";
		};
/* End PBXNativeTarget section */

/* Begin PBXProject section */
		6D16D5E51A08A36A001D0939 /* Project object */ = {
			isa = PBXProject;
			attributes = {
				LastUpgradeCheck = 0510;
				ORGANIZATIONNAME = momo;
				TargetAttributes = {
					6D16D5EC1A08A36A001D0939 = {
						DevelopmentTeam = M967NHPY8J;
					};
					6D16D60D1A08A36A001D0939 = {
						TestTargetID = 6D16D5EC1A08A36A001D0939;
					};
				};
			};
			buildConfigurationList = 6D16D5E81A08A36A001D0939 /* Build configuration list for PBXProject "contact" */;
			compatibilityVersion = "Xcode 3.2";
			developmentRegion = English;
			hasScannedForEncodings = 0;
			knownRegions = (
				en,
				Base,
			);
			mainGroup = 6D16D5E41A08A36A001D0939;
			productRefGroup = 6D16D5EE1A08A36A001D0939 /* Products */;
			projectDirPath = "";
			projectRoot = "";
			targets = (
				6D16D5EC1A08A36A001D0939 /* contact */,
				6D16D60D1A08A36A001D0939 /* contactTests */,
			);
		};
/* End PBXProject section */

/* Begin PBXResourcesBuildPhase section */
		6D16D5EB1A08A36A001D0939 /* Resources */ = {
			isa = PBXResourcesBuildPhase;
			buildActionMask = 2147483647;
			files = (
				1D2520871A18E71D0056B8A2 /* service@2x.png in Resources */,
				1D2520881A18E71D0056B8A2 /* service@3x.png in Resources */,
				1D419BF61A198DE6002A1CAE /* xingji.png in Resources */,
				1D2520751A18D3D50056B8A2 /* btn_green@2x.png in Resources */,
				1D3673AD1A159EDD006D0E96 /* AskPhoneNumberViewController.xib in Resources */,
				1D6E8B681A1248DB009664CE /* syn@2x.png in Resources */,
				1D2520861A18E71D0056B8A2 /* service.png in Resources */,
				1D6E8B741A124CCF009664CE /* Images-2.xcassets in Resources */,
				1D3673B11A159EDD006D0E96 /* MainViewController.xib in Resources */,
				1D2520851A18E71D0056B8A2 /* local@3x.png in Resources */,
				1D2520831A18E71D0056B8A2 /* local.png in Resources */,
				1D2520731A18D3D50056B8A2 /* btn_disable@2x.png in Resources */,
				1D25206D1A18CEAC0056B8A2 /* SVProgressHUD.bundle in Resources */,
				1D2520741A18D3D50056B8A2 /* btn_green_press@2x.png in Resources */,
				1D36737E1A159D16006D0E96 /* nav_back_press@2x.png in Resources */,
				1D2520841A18E71D0056B8A2 /* local@2x.png in Resources */,
				6D16D5FB1A08A36A001D0939 /* InfoPlist.strings in Resources */,
				1D36737F1A159D16006D0E96 /* nav_back@2x.png in Resources */,
				1D2520761A18D3D50056B8A2 /* btn_grey@2x.png in Resources */,
				6D16D7B71A08C3FF001D0939 /* momo.db in Resources */,
			);
			runOnlyForDeploymentPostprocessing = 0;
		};
		6D16D60C1A08A36A001D0939 /* Resources */ = {
			isa = PBXResourcesBuildPhase;
			buildActionMask = 2147483647;
			files = (
				6D16D61A1A08A36A001D0939 /* InfoPlist.strings in Resources */,
			);
			runOnlyForDeploymentPostprocessing = 0;
		};
/* End PBXResourcesBuildPhase section */

/* Begin PBXSourcesBuildPhase section */
		6D16D5E91A08A36A001D0939 /* Sources */ = {
			isa = PBXSourcesBuildPhase;
			buildActionMask = 2147483647;
			files = (
				1D36739E1A159E89006D0E96 /* UIButton+NGAdditions.m in Sources */,
				6D16D7041A08AB67001D0939 /* md5.c in Sources */,
				6D16D7241A08AC01001D0939 /* ASIInputStream.m in Sources */,
				6D16D6C11A08A921001D0939 /* SBJsonStreamWriterAccumulator.m in Sources */,
				1D2520671A18CCB00056B8A2 /* LoginViewController.m in Sources */,
				6D16D6BE1A08A921001D0939 /* SBJsonStreamParserAdapter.m in Sources */,
				6D16D6C41A08A921001D0939 /* SBJsonUTF8Stream.m in Sources */,
				6D16D6BF1A08A921001D0939 /* SBJsonStreamParserState.m in Sources */,
				6D16D6C61A08A921001D0939 /* PlausibleDatabase.m in Sources */,
				6D16D6BA1A08A921001D0939 /* SBJson.m in Sources */,
				6D16D6D01A08A980001D0939 /* MMGlobalData.m in Sources */,
				1D2520791A18DAA30056B8A2 /* LoginCheckVController.m in Sources */,
				6D16D6C51A08A921001D0939 /* SBJsonWriter.m in Sources */,
				1D3673A21A159E89006D0E96 /* UIView+NGAdditions.m in Sources */,
				6D16D6FB1A08AB31001D0939 /* MMServerContactManager.m in Sources */,
				6D16D6BC1A08A921001D0939 /* SBJsonStreamParser.m in Sources */,
				6D16D6FE1A08AB31001D0939 /* oauth.c in Sources */,
				6D16D6371A08A6BB001D0939 /* DbStruct.m in Sources */,
				6D16D7231A08AC01001D0939 /* ASIHTTPRequest.m in Sources */,
				6D16D7B31A08B287001D0939 /* MMContactSync.m in Sources */,
				1D36737B1A159CC0006D0E96 /* NGViewController.m in Sources */,
				6D16D6C01A08A921001D0939 /* SBJsonStreamWriter.m in Sources */,
				6D16D6C21A08A921001D0939 /* SBJsonStreamWriterState.m in Sources */,
				6D16D7B41A08B287001D0939 /* MMSyncContact.m in Sources */,
				1D25207C1A18E50A0056B8A2 /* MainSynVController.m in Sources */,
				6D16D6FC1A08AB31001D0939 /* MMUapRequest.m in Sources */,
				6D16D6BB1A08A921001D0939 /* SBJsonParser.m in Sources */,
				6D16D6C91A08A921001D0939 /* PLSqliteDatabase.m in Sources */,
				6D16D71E1A08AC01001D0939 /* ASIAuthenticationDialog.m in Sources */,
				1D25206E1A18CEAC0056B8A2 /* SVProgressHUD.m in Sources */,
				6D16D7081A08ABD4001D0939 /* sha.c in Sources */,
				6D16D6E41A08AADC001D0939 /* Reachability.m in Sources */,
				6D16D6E01A08AAB3001D0939 /* MMCommonAPI.m in Sources */,
				6D16D6C31A08A921001D0939 /* SBJsonTokeniser.m in Sources */,
				1D36739F1A159E89006D0E96 /* UIImage+NGAdditions.m in Sources */,
				6D16D6011A08A36A001D0939 /* AppDelegate.m in Sources */,
				6D16D7BC1A08EFA0001D0939 /* GTMBase64.m in Sources */,
				1D3673B01A159EDD006D0E96 /* MainViewController.m in Sources */,
				6D16D7281A08AC1B001D0939 /* MMThread.m in Sources */,
				1D3673991A159E89006D0E96 /* NSData+NGAdditions.m in Sources */,
				6D16D7201A08AC01001D0939 /* ASIDataDecompressor.m in Sources */,
				6D16D6C81A08A921001D0939 /* PLSqliteConnectionProvider.m in Sources */,
				6D16D7C91A0B86D1001D0939 /* MBProgressHUD.m in Sources */,
				6D16D7D71A0C702B001D0939 /* Token.m in Sources */,
				1D3673981A159E89006D0E96 /* NSArray+NGAdditions.m in Sources */,
				6D16D7CF1A0B86F5001D0939 /* APIRequest.m in Sources */,
				1D36739D1A159E89006D0E96 /* NSString+NGAdditions.m in Sources */,
				6D16D7CC1A0B86E6001D0939 /* TAHttpOperation.m in Sources */,
				1D36739A1A159E89006D0E96 /* NSDate+NGAdditions.m in Sources */,
				1D36739C1A159E89006D0E96 /* NSJSONSerialization+NGAdditions.m in Sources */,
				1D3673AC1A159EDD006D0E96 /* AskPhoneNumberViewController.m in Sources */,
				6D16D7031A08AB67001D0939 /* hmac.c in Sources */,
				6D16D6D31A08A995001D0939 /* MMLogger.m in Sources */,
				1D3673A11A159E89006D0E96 /* UITableView+NGAdditions.m in Sources */,
				6D16D6D61A08A9AE001D0939 /* MMGlobalPara.m in Sources */,
				6D16D7251A08AC01001D0939 /* ASINetworkQueue.m in Sources */,
				6D16D6C71A08A921001D0939 /* PLDatabaseMigrationManager.m in Sources */,
				6D16D6381A08A6BB001D0939 /* MMAddressBook.m in Sources */,
				6D16D6CB1A08A921001D0939 /* PLSqlitePreparedStatement.m in Sources */,
				6D16D7211A08AC01001D0939 /* ASIDownloadCache.m in Sources */,
				6D16D5FD1A08A36A001D0939 /* main.m in Sources */,
				6D16D6CA1A08A921001D0939 /* PLSqliteMigrationVersionManager.m in Sources */,
				6D16D6DD1A08AA5B001D0939 /* RegexKitLite.m in Sources */,
				6D16D7221A08AC01001D0939 /* ASIFormDataRequest.m in Sources */,
				1D36739B1A159E89006D0E96 /* NSDictionary+NGAdditions.m in Sources */,
				6D16D71F1A08AC01001D0939 /* ASIDataCompressor.m in Sources */,
				6D16D6CC1A08A921001D0939 /* PLSqliteResultSet.m in Sources */,
				6D16D7B51A08B287001D0939 /* MMSyncThread.m in Sources */,
				6D16D63A1A08A6BB001D0939 /* MMModel.m in Sources */,
				6D16D6BD1A08A921001D0939 /* SBJsonStreamParserAccumulator.m in Sources */,
				1D3673A01A159E89006D0E96 /* UINavigationController+NGAdditions.m in Sources */,
				6D16D6B91A08A921001D0939 /* NSObject+SBJson.m in Sources */,
			);
			runOnlyForDeploymentPostprocessing = 0;
		};
		6D16D60A1A08A36A001D0939 /* Sources */ = {
			isa = PBXSourcesBuildPhase;
			buildActionMask = 2147483647;
			files = (
				6D16D61C1A08A36A001D0939 /* contactTests.m in Sources */,
			);
			runOnlyForDeploymentPostprocessing = 0;
		};
/* End PBXSourcesBuildPhase section */

/* Begin PBXTargetDependency section */
		6D16D6141A08A36A001D0939 /* PBXTargetDependency */ = {
			isa = PBXTargetDependency;
			target = 6D16D5EC1A08A36A001D0939 /* contact */;
			targetProxy = 6D16D6131A08A36A001D0939 /* PBXContainerItemProxy */;
		};
/* End PBXTargetDependency section */

/* Begin PBXVariantGroup section */
		6D16D5F91A08A36A001D0939 /* InfoPlist.strings */ = {
			isa = PBXVariantGroup;
			children = (
				6D16D5FA1A08A36A001D0939 /* en */,
			);
			name = InfoPlist.strings;
			sourceTree = "<group>";
		};
		6D16D6181A08A36A001D0939 /* InfoPlist.strings */ = {
			isa = PBXVariantGroup;
			children = (
				6D16D6191A08A36A001D0939 /* en */,
			);
			name = InfoPlist.strings;
			sourceTree = "<group>";
		};
/* End PBXVariantGroup section */

/* Begin XCBuildConfiguration section */
		6D16D61D1A08A36A001D0939 /* Debug */ = {
			isa = XCBuildConfiguration;
			buildSettings = {
				ALWAYS_SEARCH_USER_PATHS = NO;
				CLANG_CXX_LANGUAGE_STANDARD = "gnu++0x";
				CLANG_CXX_LIBRARY = "libc++";
				CLANG_ENABLE_MODULES = YES;
				CLANG_ENABLE_OBJC_ARC = YES;
				CLANG_WARN_BOOL_CONVERSION = YES;
				CLANG_WARN_CONSTANT_CONVERSION = YES;
				CLANG_WARN_DIRECT_OBJC_ISA_USAGE = YES_ERROR;
				CLANG_WARN_EMPTY_BODY = YES;
				CLANG_WARN_ENUM_CONVERSION = YES;
				CLANG_WARN_INT_CONVERSION = YES;
				CLANG_WARN_OBJC_ROOT_CLASS = YES_ERROR;
				CLANG_WARN__DUPLICATE_METHOD_MATCH = YES;
				"CODE_SIGN_IDENTITY[sdk=iphoneos*]" = "iPhone Developer";
				COPY_PHASE_STRIP = NO;
				GCC_C_LANGUAGE_STANDARD = gnu99;
				GCC_DYNAMIC_NO_PIC = NO;
				GCC_OPTIMIZATION_LEVEL = 0;
				GCC_PREPROCESSOR_DEFINITIONS = (
					"DEBUG=1",
					"$(inherited)",
				);
				GCC_SYMBOLS_PRIVATE_EXTERN = NO;
				GCC_WARN_64_TO_32_BIT_CONVERSION = YES;
				GCC_WARN_ABOUT_RETURN_TYPE = YES_ERROR;
				GCC_WARN_UNDECLARED_SELECTOR = YES;
				GCC_WARN_UNINITIALIZED_AUTOS = YES_AGGRESSIVE;
				GCC_WARN_UNUSED_FUNCTION = YES;
				GCC_WARN_UNUSED_VARIABLE = YES;
				IPHONEOS_DEPLOYMENT_TARGET = 7.1;
				ONLY_ACTIVE_ARCH = YES;
				SDKROOT = iphoneos;
			};
			name = Debug;
		};
		6D16D61E1A08A36A001D0939 /* Release */ = {
			isa = XCBuildConfiguration;
			buildSettings = {
				ALWAYS_SEARCH_USER_PATHS = NO;
				CLANG_CXX_LANGUAGE_STANDARD = "gnu++0x";
				CLANG_CXX_LIBRARY = "libc++";
				CLANG_ENABLE_MODULES = YES;
				CLANG_ENABLE_OBJC_ARC = YES;
				CLANG_WARN_BOOL_CONVERSION = YES;
				CLANG_WARN_CONSTANT_CONVERSION = YES;
				CLANG_WARN_DIRECT_OBJC_ISA_USAGE = YES_ERROR;
				CLANG_WARN_EMPTY_BODY = YES;
				CLANG_WARN_ENUM_CONVERSION = YES;
				CLANG_WARN_INT_CONVERSION = YES;
				CLANG_WARN_OBJC_ROOT_CLASS = YES_ERROR;
				CLANG_WARN__DUPLICATE_METHOD_MATCH = YES;
				"CODE_SIGN_IDENTITY[sdk=iphoneos*]" = "iPhone Developer";
				COPY_PHASE_STRIP = YES;
				ENABLE_NS_ASSERTIONS = NO;
				GCC_C_LANGUAGE_STANDARD = gnu99;
				GCC_WARN_64_TO_32_BIT_CONVERSION = YES;
				GCC_WARN_ABOUT_RETURN_TYPE = YES_ERROR;
				GCC_WARN_UNDECLARED_SELECTOR = YES;
				GCC_WARN_UNINITIALIZED_AUTOS = YES_AGGRESSIVE;
				GCC_WARN_UNUSED_FUNCTION = YES;
				GCC_WARN_UNUSED_VARIABLE = YES;
				IPHONEOS_DEPLOYMENT_TARGET = 7.1;
				SDKROOT = iphoneos;
				VALIDATE_PRODUCT = YES;
			};
			name = Release;
		};
		6D16D6201A08A36A001D0939 /* Debug */ = {
			isa = XCBuildConfiguration;
			buildSettings = {
				ASSETCATALOG_COMPILER_APPICON_NAME = AppIcon;
				ASSETCATALOG_COMPILER_LAUNCHIMAGE_NAME = "";
				CLANG_ENABLE_OBJC_ARC = NO;
				CODE_SIGN_IDENTITY = "iPhone Developer";
				"CODE_SIGN_IDENTITY[sdk=iphoneos*]" = "iPhone Developer";
				GCC_PRECOMPILE_PREFIX_HEADER = YES;
				GCC_PREFIX_HEADER = "contact/contact-Prefix.pch";
				GCC_PREPROCESSOR_DEFINITIONS = (
					PL_DB_PRIVATE,
					"DEBUG=1",
					"$(inherited)",
				);
				INFOPLIST_FILE = "contact/contact-Info.plist";
				IPHONEOS_DEPLOYMENT_TARGET = 7.1;
				OTHER_LDFLAGS = "-licucore";
				PRODUCT_NAME = "$(TARGET_NAME)";
				PROVISIONING_PROFILE = "";
				WRAPPER_EXTENSION = app;
			};
			name = Debug;
		};
		6D16D6211A08A36A001D0939 /* Release */ = {
			isa = XCBuildConfiguration;
			buildSettings = {
				ASSETCATALOG_COMPILER_APPICON_NAME = AppIcon;
				ASSETCATALOG_COMPILER_LAUNCHIMAGE_NAME = "";
				CLANG_ENABLE_OBJC_ARC = NO;
				CODE_SIGN_IDENTITY = "iPhone Developer";
				"CODE_SIGN_IDENTITY[sdk=iphoneos*]" = "iPhone Developer";
				GCC_PRECOMPILE_PREFIX_HEADER = YES;
				GCC_PREFIX_HEADER = "contact/contact-Prefix.pch";
				GCC_PREPROCESSOR_DEFINITIONS = PL_DB_PRIVATE;
				INFOPLIST_FILE = "contact/contact-Info.plist";
				IPHONEOS_DEPLOYMENT_TARGET = 7.1;
				OTHER_LDFLAGS = "-licucore";
				PRODUCT_NAME = "$(TARGET_NAME)";
				PROVISIONING_PROFILE = "";
				WRAPPER_EXTENSION = app;
			};
			name = Release;
		};
		6D16D6231A08A36A001D0939 /* Debug */ = {
			isa = XCBuildConfiguration;
			buildSettings = {
				BUNDLE_LOADER = "$(BUILT_PRODUCTS_DIR)/contact.app/contact";
				FRAMEWORK_SEARCH_PATHS = (
					"$(SDKROOT)/Developer/Library/Frameworks",
					"$(inherited)",
					"$(DEVELOPER_FRAMEWORKS_DIR)",
				);
				GCC_PRECOMPILE_PREFIX_HEADER = YES;
				GCC_PREFIX_HEADER = "contact/contact-Prefix.pch";
				GCC_PREPROCESSOR_DEFINITIONS = (
					"DEBUG=1",
					"$(inherited)",
				);
				INFOPLIST_FILE = "contactTests/contactTests-Info.plist";
				PRODUCT_NAME = "$(TARGET_NAME)";
				TEST_HOST = "$(BUNDLE_LOADER)";
				WRAPPER_EXTENSION = xctest;
			};
			name = Debug;
		};
		6D16D6241A08A36A001D0939 /* Release */ = {
			isa = XCBuildConfiguration;
			buildSettings = {
				BUNDLE_LOADER = "$(BUILT_PRODUCTS_DIR)/contact.app/contact";
				FRAMEWORK_SEARCH_PATHS = (
					"$(SDKROOT)/Developer/Library/Frameworks",
					"$(inherited)",
					"$(DEVELOPER_FRAMEWORKS_DIR)",
				);
				GCC_PRECOMPILE_PREFIX_HEADER = YES;
				GCC_PREFIX_HEADER = "contact/contact-Prefix.pch";
				INFOPLIST_FILE = "contactTests/contactTests-Info.plist";
				PRODUCT_NAME = "$(TARGET_NAME)";
				TEST_HOST = "$(BUNDLE_LOADER)";
				WRAPPER_EXTENSION = xctest;
			};
			name = Release;
		};
/* End XCBuildConfiguration section */

/* Begin XCConfigurationList section */
		6D16D5E81A08A36A001D0939 /* Build configuration list for PBXProject "contact" */ = {
			isa = XCConfigurationList;
			buildConfigurations = (
				6D16D61D1A08A36A001D0939 /* Debug */,
				6D16D61E1A08A36A001D0939 /* Release */,
			);
			defaultConfigurationIsVisible = 0;
			defaultConfigurationName = Release;
		};
		6D16D61F1A08A36A001D0939 /* Build configuration list for PBXNativeTarget "contact" */ = {
			isa = XCConfigurationList;
			buildConfigurations = (
				6D16D6201A08A36A001D0939 /* Debug */,
				6D16D6211A08A36A001D0939 /* Release */,
			);
			defaultConfigurationIsVisible = 0;
			defaultConfigurationName = Release;
		};
		6D16D6221A08A36A001D0939 /* Build configuration list for PBXNativeTarget "contactTests" */ = {
			isa = XCConfigurationList;
			buildConfigurations = (
				6D16D6231A08A36A001D0939 /* Debug */,
				6D16D6241A08A36A001D0939 /* Release */,
			);
			defaultConfigurationIsVisible = 0;
			defaultConfigurationName = Release;
		};
/* End XCConfigurationList section */
	};
	rootObject = 6D16D5E51A08A36A001D0939 /* Project object */;
}
